// !$*UTF8*$!
{
	archiveVersion = 1;
	classes = {
	};
	objectVersion = 52;
	objects = {

/* Begin PBXBuildFile section */
		245DBB4D24901B9B002FB70B /* Uploadcare_watchOS.h in Headers */ = {isa = PBXBuildFile; fileRef = 245DBB4B24901B9B002FB70B /* Uploadcare_watchOS.h */; settings = {ATTRIBUTES = (Public, ); }; };
		24875B1D243B33EC003F3E06 /* Uploadcare_tvOS.h in Headers */ = {isa = PBXBuildFile; fileRef = 24875B1B243B33EB003F3E06 /* Uploadcare_tvOS.h */; settings = {ATTRIBUTES = (Public, ); }; };
		24875B37243B3518003F3E06 /* Uploadcare_macOS.h in Headers */ = {isa = PBXBuildFile; fileRef = 24875B35243B3518003F3E06 /* Uploadcare_macOS.h */; settings = {ATTRIBUTES = (Public, ); }; };
		24B985EF27A093320095D204 /* Alamofire in Frameworks */ = {isa = PBXBuildFile; productRef = 24B985EE27A093320095D204 /* Alamofire */; };
		24B985F127A093390095D204 /* Alamofire in Frameworks */ = {isa = PBXBuildFile; productRef = 24B985F027A093390095D204 /* Alamofire */; };
		24B985F327A0933D0095D204 /* Alamofire in Frameworks */ = {isa = PBXBuildFile; productRef = 24B985F227A0933D0095D204 /* Alamofire */; };
		24B985F527A093410095D204 /* Alamofire in Frameworks */ = {isa = PBXBuildFile; productRef = 24B985F427A093410095D204 /* Alamofire */; };
		24D69248281B40D500FE0FD3 /* VideoInfo.swift in Sources */ = {isa = PBXBuildFile; fileRef = 24D69216281B40D500FE0FD3 /* VideoInfo.swift */; };
		24D69249281B40D500FE0FD3 /* VideoInfo.swift in Sources */ = {isa = PBXBuildFile; fileRef = 24D69216281B40D500FE0FD3 /* VideoInfo.swift */; };
		24D6924A281B40D500FE0FD3 /* VideoInfo.swift in Sources */ = {isa = PBXBuildFile; fileRef = 24D69216281B40D500FE0FD3 /* VideoInfo.swift */; };
		24D6924B281B40D500FE0FD3 /* VideoInfo.swift in Sources */ = {isa = PBXBuildFile; fileRef = 24D69216281B40D500FE0FD3 /* VideoInfo.swift */; };
		24D6924C281B40D500FE0FD3 /* GeoLocation.swift in Sources */ = {isa = PBXBuildFile; fileRef = 24D69217281B40D500FE0FD3 /* GeoLocation.swift */; };
		24D6924D281B40D500FE0FD3 /* GeoLocation.swift in Sources */ = {isa = PBXBuildFile; fileRef = 24D69217281B40D500FE0FD3 /* GeoLocation.swift */; };
		24D6924E281B40D500FE0FD3 /* GeoLocation.swift in Sources */ = {isa = PBXBuildFile; fileRef = 24D69217281B40D500FE0FD3 /* GeoLocation.swift */; };
		24D6924F281B40D500FE0FD3 /* GeoLocation.swift in Sources */ = {isa = PBXBuildFile; fileRef = 24D69217281B40D500FE0FD3 /* GeoLocation.swift */; };
		24D69250281B40D500FE0FD3 /* ImageInfo.swift in Sources */ = {isa = PBXBuildFile; fileRef = 24D69218281B40D500FE0FD3 /* ImageInfo.swift */; };
		24D69251281B40D500FE0FD3 /* ImageInfo.swift in Sources */ = {isa = PBXBuildFile; fileRef = 24D69218281B40D500FE0FD3 /* ImageInfo.swift */; };
		24D69252281B40D500FE0FD3 /* ImageInfo.swift in Sources */ = {isa = PBXBuildFile; fileRef = 24D69218281B40D500FE0FD3 /* ImageInfo.swift */; };
		24D69253281B40D500FE0FD3 /* ImageInfo.swift in Sources */ = {isa = PBXBuildFile; fileRef = 24D69218281B40D500FE0FD3 /* ImageInfo.swift */; };
		24D69254281B40D500FE0FD3 /* GroupsList.swift in Sources */ = {isa = PBXBuildFile; fileRef = 24D6921A281B40D500FE0FD3 /* GroupsList.swift */; };
		24D69255281B40D500FE0FD3 /* GroupsList.swift in Sources */ = {isa = PBXBuildFile; fileRef = 24D6921A281B40D500FE0FD3 /* GroupsList.swift */; };
		24D69256281B40D500FE0FD3 /* GroupsList.swift in Sources */ = {isa = PBXBuildFile; fileRef = 24D6921A281B40D500FE0FD3 /* GroupsList.swift */; };
		24D69257281B40D500FE0FD3 /* GroupsList.swift in Sources */ = {isa = PBXBuildFile; fileRef = 24D6921A281B40D500FE0FD3 /* GroupsList.swift */; };
		24D69258281B40D500FE0FD3 /* FilesList.swift in Sources */ = {isa = PBXBuildFile; fileRef = 24D6921B281B40D500FE0FD3 /* FilesList.swift */; };
		24D69259281B40D500FE0FD3 /* FilesList.swift in Sources */ = {isa = PBXBuildFile; fileRef = 24D6921B281B40D500FE0FD3 /* FilesList.swift */; };
		24D6925A281B40D500FE0FD3 /* FilesList.swift in Sources */ = {isa = PBXBuildFile; fileRef = 24D6921B281B40D500FE0FD3 /* FilesList.swift */; };
		24D6925B281B40D500FE0FD3 /* FilesList.swift in Sources */ = {isa = PBXBuildFile; fileRef = 24D6921B281B40D500FE0FD3 /* FilesList.swift */; };
		24D6925C281B40D500FE0FD3 /* Webhook.swift in Sources */ = {isa = PBXBuildFile; fileRef = 24D6921C281B40D500FE0FD3 /* Webhook.swift */; };
		24D6925D281B40D500FE0FD3 /* Webhook.swift in Sources */ = {isa = PBXBuildFile; fileRef = 24D6921C281B40D500FE0FD3 /* Webhook.swift */; };
		24D6925E281B40D500FE0FD3 /* Webhook.swift in Sources */ = {isa = PBXBuildFile; fileRef = 24D6921C281B40D500FE0FD3 /* Webhook.swift */; };
		24D6925F281B40D500FE0FD3 /* Webhook.swift in Sources */ = {isa = PBXBuildFile; fileRef = 24D6921C281B40D500FE0FD3 /* Webhook.swift */; };
		24D69260281B40D500FE0FD3 /* ConvertDocumentJobStatus.swift in Sources */ = {isa = PBXBuildFile; fileRef = 24D6921E281B40D500FE0FD3 /* ConvertDocumentJobStatus.swift */; };
		24D69261281B40D500FE0FD3 /* ConvertDocumentJobStatus.swift in Sources */ = {isa = PBXBuildFile; fileRef = 24D6921E281B40D500FE0FD3 /* ConvertDocumentJobStatus.swift */; };
		24D69262281B40D500FE0FD3 /* ConvertDocumentJobStatus.swift in Sources */ = {isa = PBXBuildFile; fileRef = 24D6921E281B40D500FE0FD3 /* ConvertDocumentJobStatus.swift */; };
		24D69263281B40D500FE0FD3 /* ConvertDocumentJobStatus.swift in Sources */ = {isa = PBXBuildFile; fileRef = 24D6921E281B40D500FE0FD3 /* ConvertDocumentJobStatus.swift */; };
		24D69264281B40D500FE0FD3 /* DocumentConversionJob.swift in Sources */ = {isa = PBXBuildFile; fileRef = 24D6921F281B40D500FE0FD3 /* DocumentConversionJob.swift */; };
		24D69265281B40D500FE0FD3 /* DocumentConversionJob.swift in Sources */ = {isa = PBXBuildFile; fileRef = 24D6921F281B40D500FE0FD3 /* DocumentConversionJob.swift */; };
		24D69266281B40D500FE0FD3 /* DocumentConversionJob.swift in Sources */ = {isa = PBXBuildFile; fileRef = 24D6921F281B40D500FE0FD3 /* DocumentConversionJob.swift */; };
		24D69267281B40D500FE0FD3 /* DocumentConversionJob.swift in Sources */ = {isa = PBXBuildFile; fileRef = 24D6921F281B40D500FE0FD3 /* DocumentConversionJob.swift */; };
		24D69268281B40D500FE0FD3 /* DocumentConversionJobSettings.swift in Sources */ = {isa = PBXBuildFile; fileRef = 24D69220281B40D500FE0FD3 /* DocumentConversionJobSettings.swift */; };
		24D69269281B40D500FE0FD3 /* DocumentConversionJobSettings.swift in Sources */ = {isa = PBXBuildFile; fileRef = 24D69220281B40D500FE0FD3 /* DocumentConversionJobSettings.swift */; };
		24D6926A281B40D500FE0FD3 /* DocumentConversionJobSettings.swift in Sources */ = {isa = PBXBuildFile; fileRef = 24D69220281B40D500FE0FD3 /* DocumentConversionJobSettings.swift */; };
		24D6926B281B40D500FE0FD3 /* DocumentConversionJobSettings.swift in Sources */ = {isa = PBXBuildFile; fileRef = 24D69220281B40D500FE0FD3 /* DocumentConversionJobSettings.swift */; };
		24D6926C281B40D500FE0FD3 /* ConvertRequestData.swift in Sources */ = {isa = PBXBuildFile; fileRef = 24D69221281B40D500FE0FD3 /* ConvertRequestData.swift */; };
		24D6926D281B40D500FE0FD3 /* ConvertRequestData.swift in Sources */ = {isa = PBXBuildFile; fileRef = 24D69221281B40D500FE0FD3 /* ConvertRequestData.swift */; };
		24D6926E281B40D500FE0FD3 /* ConvertRequestData.swift in Sources */ = {isa = PBXBuildFile; fileRef = 24D69221281B40D500FE0FD3 /* ConvertRequestData.swift */; };
		24D6926F281B40D500FE0FD3 /* ConvertRequestData.swift in Sources */ = {isa = PBXBuildFile; fileRef = 24D69221281B40D500FE0FD3 /* ConvertRequestData.swift */; };
		24D69270281B40D500FE0FD3 /* VideoConversionJob.swift in Sources */ = {isa = PBXBuildFile; fileRef = 24D69222281B40D500FE0FD3 /* VideoConversionJob.swift */; };
		24D69271281B40D500FE0FD3 /* VideoConversionJob.swift in Sources */ = {isa = PBXBuildFile; fileRef = 24D69222281B40D500FE0FD3 /* VideoConversionJob.swift */; };
		24D69272281B40D500FE0FD3 /* VideoConversionJob.swift in Sources */ = {isa = PBXBuildFile; fileRef = 24D69222281B40D500FE0FD3 /* VideoConversionJob.swift */; };
		24D69273281B40D500FE0FD3 /* VideoConversionJob.swift in Sources */ = {isa = PBXBuildFile; fileRef = 24D69222281B40D500FE0FD3 /* VideoConversionJob.swift */; };
		24D69274281B40D500FE0FD3 /* ConvertVideoJobStatus.swift in Sources */ = {isa = PBXBuildFile; fileRef = 24D69223281B40D500FE0FD3 /* ConvertVideoJobStatus.swift */; };
		24D69275281B40D500FE0FD3 /* ConvertVideoJobStatus.swift in Sources */ = {isa = PBXBuildFile; fileRef = 24D69223281B40D500FE0FD3 /* ConvertVideoJobStatus.swift */; };
		24D69276281B40D500FE0FD3 /* ConvertVideoJobStatus.swift in Sources */ = {isa = PBXBuildFile; fileRef = 24D69223281B40D500FE0FD3 /* ConvertVideoJobStatus.swift */; };
		24D69277281B40D500FE0FD3 /* ConvertVideoJobStatus.swift in Sources */ = {isa = PBXBuildFile; fileRef = 24D69223281B40D500FE0FD3 /* ConvertVideoJobStatus.swift */; };
		24D69278281B40D500FE0FD3 /* VideoConversionJobSettings.swift in Sources */ = {isa = PBXBuildFile; fileRef = 24D69224281B40D500FE0FD3 /* VideoConversionJobSettings.swift */; };
		24D69279281B40D500FE0FD3 /* VideoConversionJobSettings.swift in Sources */ = {isa = PBXBuildFile; fileRef = 24D69224281B40D500FE0FD3 /* VideoConversionJobSettings.swift */; };
		24D6927A281B40D500FE0FD3 /* VideoConversionJobSettings.swift in Sources */ = {isa = PBXBuildFile; fileRef = 24D69224281B40D500FE0FD3 /* VideoConversionJobSettings.swift */; };
		24D6927B281B40D500FE0FD3 /* VideoConversionJobSettings.swift in Sources */ = {isa = PBXBuildFile; fileRef = 24D69224281B40D500FE0FD3 /* VideoConversionJobSettings.swift */; };
		24D6927C281B40D500FE0FD3 /* ConversionOptions.swift in Sources */ = {isa = PBXBuildFile; fileRef = 24D69225281B40D500FE0FD3 /* ConversionOptions.swift */; };
		24D6927D281B40D500FE0FD3 /* ConversionOptions.swift in Sources */ = {isa = PBXBuildFile; fileRef = 24D69225281B40D500FE0FD3 /* ConversionOptions.swift */; };
		24D6927E281B40D500FE0FD3 /* ConversionOptions.swift in Sources */ = {isa = PBXBuildFile; fileRef = 24D69225281B40D500FE0FD3 /* ConversionOptions.swift */; };
		24D6927F281B40D500FE0FD3 /* ConversionOptions.swift in Sources */ = {isa = PBXBuildFile; fileRef = 24D69225281B40D500FE0FD3 /* ConversionOptions.swift */; };
		24D69280281B40D500FE0FD3 /* CopyFileToLocalStorageResponse.swift in Sources */ = {isa = PBXBuildFile; fileRef = 24D69227281B40D500FE0FD3 /* CopyFileToLocalStorageResponse.swift */; };
		24D69281281B40D500FE0FD3 /* CopyFileToLocalStorageResponse.swift in Sources */ = {isa = PBXBuildFile; fileRef = 24D69227281B40D500FE0FD3 /* CopyFileToLocalStorageResponse.swift */; };
		24D69282281B40D500FE0FD3 /* CopyFileToLocalStorageResponse.swift in Sources */ = {isa = PBXBuildFile; fileRef = 24D69227281B40D500FE0FD3 /* CopyFileToLocalStorageResponse.swift */; };
		24D69283281B40D500FE0FD3 /* CopyFileToLocalStorageResponse.swift in Sources */ = {isa = PBXBuildFile; fileRef = 24D69227281B40D500FE0FD3 /* CopyFileToLocalStorageResponse.swift */; };
		24D69284281B40D500FE0FD3 /* RESTAPIError.swift in Sources */ = {isa = PBXBuildFile; fileRef = 24D69228281B40D500FE0FD3 /* RESTAPIError.swift */; };
		24D69285281B40D500FE0FD3 /* RESTAPIError.swift in Sources */ = {isa = PBXBuildFile; fileRef = 24D69228281B40D500FE0FD3 /* RESTAPIError.swift */; };
		24D69286281B40D500FE0FD3 /* RESTAPIError.swift in Sources */ = {isa = PBXBuildFile; fileRef = 24D69228281B40D500FE0FD3 /* RESTAPIError.swift */; };
		24D69287281B40D500FE0FD3 /* RESTAPIError.swift in Sources */ = {isa = PBXBuildFile; fileRef = 24D69228281B40D500FE0FD3 /* RESTAPIError.swift */; };
		24D69288281B40D500FE0FD3 /* BatchFilesOperationResponse.swift in Sources */ = {isa = PBXBuildFile; fileRef = 24D69229281B40D500FE0FD3 /* BatchFilesOperationResponse.swift */; };
		24D69289281B40D500FE0FD3 /* BatchFilesOperationResponse.swift in Sources */ = {isa = PBXBuildFile; fileRef = 24D69229281B40D500FE0FD3 /* BatchFilesOperationResponse.swift */; };
		24D6928A281B40D500FE0FD3 /* BatchFilesOperationResponse.swift in Sources */ = {isa = PBXBuildFile; fileRef = 24D69229281B40D500FE0FD3 /* BatchFilesOperationResponse.swift */; };
		24D6928B281B40D500FE0FD3 /* BatchFilesOperationResponse.swift in Sources */ = {isa = PBXBuildFile; fileRef = 24D69229281B40D500FE0FD3 /* BatchFilesOperationResponse.swift */; };
		24D6928C281B40D500FE0FD3 /* CopyFileToRemoteStorageResponse.swift in Sources */ = {isa = PBXBuildFile; fileRef = 24D6922A281B40D500FE0FD3 /* CopyFileToRemoteStorageResponse.swift */; };
		24D6928D281B40D500FE0FD3 /* CopyFileToRemoteStorageResponse.swift in Sources */ = {isa = PBXBuildFile; fileRef = 24D6922A281B40D500FE0FD3 /* CopyFileToRemoteStorageResponse.swift */; };
		24D6928E281B40D500FE0FD3 /* CopyFileToRemoteStorageResponse.swift in Sources */ = {isa = PBXBuildFile; fileRef = 24D6922A281B40D500FE0FD3 /* CopyFileToRemoteStorageResponse.swift */; };
		24D6928F281B40D500FE0FD3 /* CopyFileToRemoteStorageResponse.swift in Sources */ = {isa = PBXBuildFile; fileRef = 24D6922A281B40D500FE0FD3 /* CopyFileToRemoteStorageResponse.swift */; };
		24D69290281B40D500FE0FD3 /* ConvertDocumentsResponse.swift in Sources */ = {isa = PBXBuildFile; fileRef = 24D6922B281B40D500FE0FD3 /* ConvertDocumentsResponse.swift */; };
		24D69291281B40D500FE0FD3 /* ConvertDocumentsResponse.swift in Sources */ = {isa = PBXBuildFile; fileRef = 24D6922B281B40D500FE0FD3 /* ConvertDocumentsResponse.swift */; };
		24D69292281B40D500FE0FD3 /* ConvertDocumentsResponse.swift in Sources */ = {isa = PBXBuildFile; fileRef = 24D6922B281B40D500FE0FD3 /* ConvertDocumentsResponse.swift */; };
		24D69293281B40D500FE0FD3 /* ConvertDocumentsResponse.swift in Sources */ = {isa = PBXBuildFile; fileRef = 24D6922B281B40D500FE0FD3 /* ConvertDocumentsResponse.swift */; };
		24D69294281B40D500FE0FD3 /* Collaborator.swift in Sources */ = {isa = PBXBuildFile; fileRef = 24D6922C281B40D500FE0FD3 /* Collaborator.swift */; };
		24D69295281B40D500FE0FD3 /* Collaborator.swift in Sources */ = {isa = PBXBuildFile; fileRef = 24D6922C281B40D500FE0FD3 /* Collaborator.swift */; };
		24D69296281B40D500FE0FD3 /* Collaborator.swift in Sources */ = {isa = PBXBuildFile; fileRef = 24D6922C281B40D500FE0FD3 /* Collaborator.swift */; };
		24D69297281B40D500FE0FD3 /* Collaborator.swift in Sources */ = {isa = PBXBuildFile; fileRef = 24D6922C281B40D500FE0FD3 /* Collaborator.swift */; };
		24D69298281B40D500FE0FD3 /* Project.swift in Sources */ = {isa = PBXBuildFile; fileRef = 24D6922D281B40D500FE0FD3 /* Project.swift */; };
		24D69299281B40D500FE0FD3 /* Project.swift in Sources */ = {isa = PBXBuildFile; fileRef = 24D6922D281B40D500FE0FD3 /* Project.swift */; };
		24D6929A281B40D500FE0FD3 /* Project.swift in Sources */ = {isa = PBXBuildFile; fileRef = 24D6922D281B40D500FE0FD3 /* Project.swift */; };
		24D6929B281B40D500FE0FD3 /* Project.swift in Sources */ = {isa = PBXBuildFile; fileRef = 24D6922D281B40D500FE0FD3 /* Project.swift */; };
		24D6929C281B40D500FE0FD3 /* File.swift in Sources */ = {isa = PBXBuildFile; fileRef = 24D6922E281B40D500FE0FD3 /* File.swift */; };
		24D6929D281B40D500FE0FD3 /* File.swift in Sources */ = {isa = PBXBuildFile; fileRef = 24D6922E281B40D500FE0FD3 /* File.swift */; };
		24D6929E281B40D500FE0FD3 /* File.swift in Sources */ = {isa = PBXBuildFile; fileRef = 24D6922E281B40D500FE0FD3 /* File.swift */; };
		24D6929F281B40D500FE0FD3 /* File.swift in Sources */ = {isa = PBXBuildFile; fileRef = 24D6922E281B40D500FE0FD3 /* File.swift */; };
		24D692A0281B40D500FE0FD3 /* PaginationQuery.swift in Sources */ = {isa = PBXBuildFile; fileRef = 24D6922F281B40D500FE0FD3 /* PaginationQuery.swift */; };
		24D692A1281B40D500FE0FD3 /* PaginationQuery.swift in Sources */ = {isa = PBXBuildFile; fileRef = 24D6922F281B40D500FE0FD3 /* PaginationQuery.swift */; };
		24D692A2281B40D500FE0FD3 /* PaginationQuery.swift in Sources */ = {isa = PBXBuildFile; fileRef = 24D6922F281B40D500FE0FD3 /* PaginationQuery.swift */; };
		24D692A3281B40D500FE0FD3 /* PaginationQuery.swift in Sources */ = {isa = PBXBuildFile; fileRef = 24D6922F281B40D500FE0FD3 /* PaginationQuery.swift */; };
		24D692A4281B40D500FE0FD3 /* Group.swift in Sources */ = {isa = PBXBuildFile; fileRef = 24D69230281B40D500FE0FD3 /* Group.swift */; };
		24D692A5281B40D500FE0FD3 /* Group.swift in Sources */ = {isa = PBXBuildFile; fileRef = 24D69230281B40D500FE0FD3 /* Group.swift */; };
		24D692A6281B40D500FE0FD3 /* Group.swift in Sources */ = {isa = PBXBuildFile; fileRef = 24D69230281B40D500FE0FD3 /* Group.swift */; };
		24D692A7281B40D500FE0FD3 /* Group.swift in Sources */ = {isa = PBXBuildFile; fileRef = 24D69230281B40D500FE0FD3 /* Group.swift */; };
		24D692A8281B40D500FE0FD3 /* GroupsListQuery.swift in Sources */ = {isa = PBXBuildFile; fileRef = 24D69231281B40D500FE0FD3 /* GroupsListQuery.swift */; };
		24D692A9281B40D500FE0FD3 /* GroupsListQuery.swift in Sources */ = {isa = PBXBuildFile; fileRef = 24D69231281B40D500FE0FD3 /* GroupsListQuery.swift */; };
		24D692AA281B40D500FE0FD3 /* GroupsListQuery.swift in Sources */ = {isa = PBXBuildFile; fileRef = 24D69231281B40D500FE0FD3 /* GroupsListQuery.swift */; };
		24D692AB281B40D500FE0FD3 /* GroupsListQuery.swift in Sources */ = {isa = PBXBuildFile; fileRef = 24D69231281B40D500FE0FD3 /* GroupsListQuery.swift */; };
		24D692AC281B40D500FE0FD3 /* UploadFromURLTask.swift in Sources */ = {isa = PBXBuildFile; fileRef = 24D69233281B40D500FE0FD3 /* UploadFromURLTask.swift */; };
		24D692AD281B40D500FE0FD3 /* UploadFromURLTask.swift in Sources */ = {isa = PBXBuildFile; fileRef = 24D69233281B40D500FE0FD3 /* UploadFromURLTask.swift */; };
		24D692AE281B40D500FE0FD3 /* UploadFromURLTask.swift in Sources */ = {isa = PBXBuildFile; fileRef = 24D69233281B40D500FE0FD3 /* UploadFromURLTask.swift */; };
		24D692AF281B40D500FE0FD3 /* UploadFromURLTask.swift in Sources */ = {isa = PBXBuildFile; fileRef = 24D69233281B40D500FE0FD3 /* UploadFromURLTask.swift */; };
		24D692B0281B40D500FE0FD3 /* UploadSignature.swift in Sources */ = {isa = PBXBuildFile; fileRef = 24D69234281B40D500FE0FD3 /* UploadSignature.swift */; };
		24D692B1281B40D500FE0FD3 /* UploadSignature.swift in Sources */ = {isa = PBXBuildFile; fileRef = 24D69234281B40D500FE0FD3 /* UploadSignature.swift */; };
		24D692B2281B40D500FE0FD3 /* UploadSignature.swift in Sources */ = {isa = PBXBuildFile; fileRef = 24D69234281B40D500FE0FD3 /* UploadSignature.swift */; };
		24D692B3281B40D500FE0FD3 /* UploadSignature.swift in Sources */ = {isa = PBXBuildFile; fileRef = 24D69234281B40D500FE0FD3 /* UploadSignature.swift */; };
		24D692B4281B40D500FE0FD3 /* UploadFromURLResponse.swift in Sources */ = {isa = PBXBuildFile; fileRef = 24D69236281B40D500FE0FD3 /* UploadFromURLResponse.swift */; };
		24D692B5281B40D500FE0FD3 /* UploadFromURLResponse.swift in Sources */ = {isa = PBXBuildFile; fileRef = 24D69236281B40D500FE0FD3 /* UploadFromURLResponse.swift */; };
		24D692B6281B40D500FE0FD3 /* UploadFromURLResponse.swift in Sources */ = {isa = PBXBuildFile; fileRef = 24D69236281B40D500FE0FD3 /* UploadFromURLResponse.swift */; };
		24D692B7281B40D500FE0FD3 /* UploadFromURLResponse.swift in Sources */ = {isa = PBXBuildFile; fileRef = 24D69236281B40D500FE0FD3 /* UploadFromURLResponse.swift */; };
		24D692B8281B40D500FE0FD3 /* StartMulipartUploadResponse.swift in Sources */ = {isa = PBXBuildFile; fileRef = 24D69237281B40D500FE0FD3 /* StartMulipartUploadResponse.swift */; };
		24D692B9281B40D500FE0FD3 /* StartMulipartUploadResponse.swift in Sources */ = {isa = PBXBuildFile; fileRef = 24D69237281B40D500FE0FD3 /* StartMulipartUploadResponse.swift */; };
		24D692BA281B40D500FE0FD3 /* StartMulipartUploadResponse.swift in Sources */ = {isa = PBXBuildFile; fileRef = 24D69237281B40D500FE0FD3 /* StartMulipartUploadResponse.swift */; };
		24D692BB281B40D500FE0FD3 /* StartMulipartUploadResponse.swift in Sources */ = {isa = PBXBuildFile; fileRef = 24D69237281B40D500FE0FD3 /* StartMulipartUploadResponse.swift */; };
		24D692BC281B40D500FE0FD3 /* UploadFromURLStatus.swift in Sources */ = {isa = PBXBuildFile; fileRef = 24D69238281B40D500FE0FD3 /* UploadFromURLStatus.swift */; };
		24D692BD281B40D500FE0FD3 /* UploadFromURLStatus.swift in Sources */ = {isa = PBXBuildFile; fileRef = 24D69238281B40D500FE0FD3 /* UploadFromURLStatus.swift */; };
		24D692BE281B40D500FE0FD3 /* UploadFromURLStatus.swift in Sources */ = {isa = PBXBuildFile; fileRef = 24D69238281B40D500FE0FD3 /* UploadFromURLStatus.swift */; };
		24D692BF281B40D500FE0FD3 /* UploadFromURLStatus.swift in Sources */ = {isa = PBXBuildFile; fileRef = 24D69238281B40D500FE0FD3 /* UploadFromURLStatus.swift */; };
		24D692C0281B40D500FE0FD3 /* UploadTask.swift in Sources */ = {isa = PBXBuildFile; fileRef = 24D69239281B40D500FE0FD3 /* UploadTask.swift */; };
		24D692C1281B40D500FE0FD3 /* UploadTask.swift in Sources */ = {isa = PBXBuildFile; fileRef = 24D69239281B40D500FE0FD3 /* UploadTask.swift */; };
		24D692C2281B40D500FE0FD3 /* UploadTask.swift in Sources */ = {isa = PBXBuildFile; fileRef = 24D69239281B40D500FE0FD3 /* UploadTask.swift */; };
		24D692C3281B40D500FE0FD3 /* UploadTask.swift in Sources */ = {isa = PBXBuildFile; fileRef = 24D69239281B40D500FE0FD3 /* UploadTask.swift */; };
		24D692C4281B40D500FE0FD3 /* UploadError.swift in Sources */ = {isa = PBXBuildFile; fileRef = 24D6923A281B40D500FE0FD3 /* UploadError.swift */; };
		24D692C5281B40D500FE0FD3 /* UploadError.swift in Sources */ = {isa = PBXBuildFile; fileRef = 24D6923A281B40D500FE0FD3 /* UploadError.swift */; };
		24D692C6281B40D500FE0FD3 /* UploadError.swift in Sources */ = {isa = PBXBuildFile; fileRef = 24D6923A281B40D500FE0FD3 /* UploadError.swift */; };
		24D692C7281B40D500FE0FD3 /* UploadError.swift in Sources */ = {isa = PBXBuildFile; fileRef = 24D6923A281B40D500FE0FD3 /* UploadError.swift */; };
		24D692C8281B40D500FE0FD3 /* UploadedFile.swift in Sources */ = {isa = PBXBuildFile; fileRef = 24D6923B281B40D500FE0FD3 /* UploadedFile.swift */; };
		24D692C9281B40D500FE0FD3 /* UploadedFile.swift in Sources */ = {isa = PBXBuildFile; fileRef = 24D6923B281B40D500FE0FD3 /* UploadedFile.swift */; };
		24D692CA281B40D500FE0FD3 /* UploadedFile.swift in Sources */ = {isa = PBXBuildFile; fileRef = 24D6923B281B40D500FE0FD3 /* UploadedFile.swift */; };
		24D692CB281B40D500FE0FD3 /* UploadedFile.swift in Sources */ = {isa = PBXBuildFile; fileRef = 24D6923B281B40D500FE0FD3 /* UploadedFile.swift */; };
		24D692CC281B40D500FE0FD3 /* UploadedFilesGroup.swift in Sources */ = {isa = PBXBuildFile; fileRef = 24D6923C281B40D500FE0FD3 /* UploadedFilesGroup.swift */; };
		24D692CD281B40D500FE0FD3 /* UploadedFilesGroup.swift in Sources */ = {isa = PBXBuildFile; fileRef = 24D6923C281B40D500FE0FD3 /* UploadedFilesGroup.swift */; };
		24D692CE281B40D500FE0FD3 /* UploadedFilesGroup.swift in Sources */ = {isa = PBXBuildFile; fileRef = 24D6923C281B40D500FE0FD3 /* UploadedFilesGroup.swift */; };
		24D692CF281B40D500FE0FD3 /* UploadedFilesGroup.swift in Sources */ = {isa = PBXBuildFile; fileRef = 24D6923C281B40D500FE0FD3 /* UploadedFilesGroup.swift */; };
		24D692D0281B40D500FE0FD3 /* MultipartRequestBuilder.swift in Sources */ = {isa = PBXBuildFile; fileRef = 24D6923D281B40D500FE0FD3 /* MultipartRequestBuilder.swift */; };
		24D692D1281B40D500FE0FD3 /* MultipartRequestBuilder.swift in Sources */ = {isa = PBXBuildFile; fileRef = 24D6923D281B40D500FE0FD3 /* MultipartRequestBuilder.swift */; };
		24D692D2281B40D500FE0FD3 /* MultipartRequestBuilder.swift in Sources */ = {isa = PBXBuildFile; fileRef = 24D6923D281B40D500FE0FD3 /* MultipartRequestBuilder.swift */; };
		24D692D3281B40D500FE0FD3 /* MultipartRequestBuilder.swift in Sources */ = {isa = PBXBuildFile; fileRef = 24D6923D281B40D500FE0FD3 /* MultipartRequestBuilder.swift */; };
		24D692D4281B40D500FE0FD3 /* String+Hash.swift in Sources */ = {isa = PBXBuildFile; fileRef = 24D6923F281B40D500FE0FD3 /* String+Hash.swift */; };
		24D692D5281B40D500FE0FD3 /* String+Hash.swift in Sources */ = {isa = PBXBuildFile; fileRef = 24D6923F281B40D500FE0FD3 /* String+Hash.swift */; };
		24D692D6281B40D500FE0FD3 /* String+Hash.swift in Sources */ = {isa = PBXBuildFile; fileRef = 24D6923F281B40D500FE0FD3 /* String+Hash.swift */; };
		24D692D7281B40D500FE0FD3 /* String+Hash.swift in Sources */ = {isa = PBXBuildFile; fileRef = 24D6923F281B40D500FE0FD3 /* String+Hash.swift */; };
		24D692D8281B40D500FE0FD3 /* Data+ToString.swift in Sources */ = {isa = PBXBuildFile; fileRef = 24D69240281B40D500FE0FD3 /* Data+ToString.swift */; };
		24D692D9281B40D500FE0FD3 /* Data+ToString.swift in Sources */ = {isa = PBXBuildFile; fileRef = 24D69240281B40D500FE0FD3 /* Data+ToString.swift */; };
		24D692DA281B40D500FE0FD3 /* Data+ToString.swift in Sources */ = {isa = PBXBuildFile; fileRef = 24D69240281B40D500FE0FD3 /* Data+ToString.swift */; };
		24D692DB281B40D500FE0FD3 /* Data+ToString.swift in Sources */ = {isa = PBXBuildFile; fileRef = 24D69240281B40D500FE0FD3 /* Data+ToString.swift */; };
		24D692DC281B40D500FE0FD3 /* Uploadcare.swift in Sources */ = {isa = PBXBuildFile; fileRef = 24D69241281B40D500FE0FD3 /* Uploadcare.swift */; };
		24D692DD281B40D500FE0FD3 /* Uploadcare.swift in Sources */ = {isa = PBXBuildFile; fileRef = 24D69241281B40D500FE0FD3 /* Uploadcare.swift */; };
		24D692DE281B40D500FE0FD3 /* Uploadcare.swift in Sources */ = {isa = PBXBuildFile; fileRef = 24D69241281B40D500FE0FD3 /* Uploadcare.swift */; };
		24D692DF281B40D500FE0FD3 /* Uploadcare.swift in Sources */ = {isa = PBXBuildFile; fileRef = 24D69241281B40D500FE0FD3 /* Uploadcare.swift */; };
		24D692E0281B40D500FE0FD3 /* APIStore.swift in Sources */ = {isa = PBXBuildFile; fileRef = 24D69242281B40D500FE0FD3 /* APIStore.swift */; };
		24D692E1281B40D500FE0FD3 /* APIStore.swift in Sources */ = {isa = PBXBuildFile; fileRef = 24D69242281B40D500FE0FD3 /* APIStore.swift */; };
		24D692E2281B40D500FE0FD3 /* APIStore.swift in Sources */ = {isa = PBXBuildFile; fileRef = 24D69242281B40D500FE0FD3 /* APIStore.swift */; };
		24D692E3281B40D500FE0FD3 /* APIStore.swift in Sources */ = {isa = PBXBuildFile; fileRef = 24D69242281B40D500FE0FD3 /* APIStore.swift */; };
		24D692E4281B40D500FE0FD3 /* RequestManager.swift in Sources */ = {isa = PBXBuildFile; fileRef = 24D69244281B40D500FE0FD3 /* RequestManager.swift */; };
		24D692E5281B40D500FE0FD3 /* RequestManager.swift in Sources */ = {isa = PBXBuildFile; fileRef = 24D69244281B40D500FE0FD3 /* RequestManager.swift */; };
		24D692E6281B40D500FE0FD3 /* RequestManager.swift in Sources */ = {isa = PBXBuildFile; fileRef = 24D69244281B40D500FE0FD3 /* RequestManager.swift */; };
		24D692E7281B40D500FE0FD3 /* RequestManager.swift in Sources */ = {isa = PBXBuildFile; fileRef = 24D69244281B40D500FE0FD3 /* RequestManager.swift */; };
		24D692E8281B40D500FE0FD3 /* Utils.swift in Sources */ = {isa = PBXBuildFile; fileRef = 24D69245281B40D500FE0FD3 /* Utils.swift */; };
		24D692E9281B40D500FE0FD3 /* Utils.swift in Sources */ = {isa = PBXBuildFile; fileRef = 24D69245281B40D500FE0FD3 /* Utils.swift */; };
		24D692EA281B40D500FE0FD3 /* Utils.swift in Sources */ = {isa = PBXBuildFile; fileRef = 24D69245281B40D500FE0FD3 /* Utils.swift */; };
		24D692EB281B40D500FE0FD3 /* Utils.swift in Sources */ = {isa = PBXBuildFile; fileRef = 24D69245281B40D500FE0FD3 /* Utils.swift */; };
		24D692EC281B40D500FE0FD3 /* BackgroundSessionManager.swift in Sources */ = {isa = PBXBuildFile; fileRef = 24D69246281B40D500FE0FD3 /* BackgroundSessionManager.swift */; };
		24D692ED281B40D500FE0FD3 /* BackgroundSessionManager.swift in Sources */ = {isa = PBXBuildFile; fileRef = 24D69246281B40D500FE0FD3 /* BackgroundSessionManager.swift */; };
		24D692EE281B40D500FE0FD3 /* BackgroundSessionManager.swift in Sources */ = {isa = PBXBuildFile; fileRef = 24D69246281B40D500FE0FD3 /* BackgroundSessionManager.swift */; };
		24D692EF281B40D500FE0FD3 /* BackgroundSessionManager.swift in Sources */ = {isa = PBXBuildFile; fileRef = 24D69246281B40D500FE0FD3 /* BackgroundSessionManager.swift */; };
		24D692F0281B40D500FE0FD3 /* UploadAPI.swift in Sources */ = {isa = PBXBuildFile; fileRef = 24D69247281B40D500FE0FD3 /* UploadAPI.swift */; };
		24D692F1281B40D500FE0FD3 /* UploadAPI.swift in Sources */ = {isa = PBXBuildFile; fileRef = 24D69247281B40D500FE0FD3 /* UploadAPI.swift */; };
		24D692F2281B40D500FE0FD3 /* UploadAPI.swift in Sources */ = {isa = PBXBuildFile; fileRef = 24D69247281B40D500FE0FD3 /* UploadAPI.swift */; };
		24D692F3281B40D500FE0FD3 /* UploadAPI.swift in Sources */ = {isa = PBXBuildFile; fileRef = 24D69247281B40D500FE0FD3 /* UploadAPI.swift */; };
/* End PBXBuildFile section */

/* Begin PBXFileReference section */
		245DBB4924901B9B002FB70B /* Uploadcare_watchOS.framework */ = {isa = PBXFileReference; explicitFileType = wrapper.framework; includeInIndex = 0; path = Uploadcare_watchOS.framework; sourceTree = BUILT_PRODUCTS_DIR; };
		245DBB4B24901B9B002FB70B /* Uploadcare_watchOS.h */ = {isa = PBXFileReference; lastKnownFileType = sourcecode.c.h; path = Uploadcare_watchOS.h; sourceTree = "<group>"; };
		245DBB4C24901B9B002FB70B /* Info.plist */ = {isa = PBXFileReference; lastKnownFileType = text.plist.xml; path = Info.plist; sourceTree = "<group>"; };
		24875AF6243B2CCD003F3E06 /* Alamofire.framework */ = {isa = PBXFileReference; lastKnownFileType = wrapper.framework; name = Alamofire.framework; path = Carthage/Build/Mac/Alamofire.framework; sourceTree = "<group>"; };
		24875B01243B2EAD003F3E06 /* Uploadcare_watchOS.h */ = {isa = PBXFileReference; lastKnownFileType = sourcecode.c.h; path = Uploadcare_watchOS.h; sourceTree = "<group>"; };
		24875B02243B2EAD003F3E06 /* Info.plist */ = {isa = PBXFileReference; lastKnownFileType = text.plist.xml; path = Info.plist; sourceTree = "<group>"; };
		24875B0E243B2ED2003F3E06 /* Uploadcare_tvOS.h */ = {isa = PBXFileReference; lastKnownFileType = sourcecode.c.h; path = Uploadcare_tvOS.h; sourceTree = "<group>"; };
		24875B0F243B2ED2003F3E06 /* Info.plist */ = {isa = PBXFileReference; lastKnownFileType = text.plist.xml; path = Info.plist; sourceTree = "<group>"; };
		24875B19243B33EB003F3E06 /* Uploadcare_tvOS.framework */ = {isa = PBXFileReference; explicitFileType = wrapper.framework; includeInIndex = 0; path = Uploadcare_tvOS.framework; sourceTree = BUILT_PRODUCTS_DIR; };
		24875B1B243B33EB003F3E06 /* Uploadcare_tvOS.h */ = {isa = PBXFileReference; lastKnownFileType = sourcecode.c.h; path = Uploadcare_tvOS.h; sourceTree = "<group>"; };
		24875B1C243B33EC003F3E06 /* Info.plist */ = {isa = PBXFileReference; lastKnownFileType = text.plist.xml; path = Info.plist; sourceTree = "<group>"; };
		24875B28243B3442003F3E06 /* Uploadcare_watchOS.h */ = {isa = PBXFileReference; lastKnownFileType = sourcecode.c.h; path = Uploadcare_watchOS.h; sourceTree = "<group>"; };
		24875B29243B3442003F3E06 /* Info.plist */ = {isa = PBXFileReference; lastKnownFileType = text.plist.xml; path = Info.plist; sourceTree = "<group>"; };
		24875B33243B3518003F3E06 /* Uploadcare_macOS.framework */ = {isa = PBXFileReference; explicitFileType = wrapper.framework; includeInIndex = 0; path = Uploadcare_macOS.framework; sourceTree = BUILT_PRODUCTS_DIR; };
		24875B35243B3518003F3E06 /* Uploadcare_macOS.h */ = {isa = PBXFileReference; lastKnownFileType = sourcecode.c.h; path = Uploadcare_macOS.h; sourceTree = "<group>"; };
		24875B36243B3518003F3E06 /* Info.plist */ = {isa = PBXFileReference; lastKnownFileType = text.plist.xml; path = Info.plist; sourceTree = "<group>"; };
		248BD548243627B600B4A3CA /* Uploadcare_Carthage_macOS.h */ = {isa = PBXFileReference; lastKnownFileType = sourcecode.c.h; path = Uploadcare_Carthage_macOS.h; sourceTree = "<group>"; };
		248BD549243627B600B4A3CA /* Info.plist */ = {isa = PBXFileReference; lastKnownFileType = text.plist.xml; path = Info.plist; sourceTree = "<group>"; };
		2495945323B77F51006BB9BF /* Uploadcare.framework */ = {isa = PBXFileReference; explicitFileType = wrapper.framework; includeInIndex = 0; path = Uploadcare.framework; sourceTree = BUILT_PRODUCTS_DIR; };
		2495945623B7801A006BB9BF /* Alamofire.framework */ = {isa = PBXFileReference; lastKnownFileType = wrapper.framework; name = Alamofire.framework; path = Carthage/Build/iOS/Alamofire.framework; sourceTree = "<group>"; };
		24D69216281B40D500FE0FD3 /* VideoInfo.swift */ = {isa = PBXFileReference; fileEncoding = 4; lastKnownFileType = sourcecode.swift; path = VideoInfo.swift; sourceTree = "<group>"; };
		24D69217281B40D500FE0FD3 /* GeoLocation.swift */ = {isa = PBXFileReference; fileEncoding = 4; lastKnownFileType = sourcecode.swift; path = GeoLocation.swift; sourceTree = "<group>"; };
		24D69218281B40D500FE0FD3 /* ImageInfo.swift */ = {isa = PBXFileReference; fileEncoding = 4; lastKnownFileType = sourcecode.swift; path = ImageInfo.swift; sourceTree = "<group>"; };
		24D6921A281B40D500FE0FD3 /* GroupsList.swift */ = {isa = PBXFileReference; fileEncoding = 4; lastKnownFileType = sourcecode.swift; path = GroupsList.swift; sourceTree = "<group>"; };
		24D6921B281B40D500FE0FD3 /* FilesList.swift */ = {isa = PBXFileReference; fileEncoding = 4; lastKnownFileType = sourcecode.swift; path = FilesList.swift; sourceTree = "<group>"; };
		24D6921C281B40D500FE0FD3 /* Webhook.swift */ = {isa = PBXFileReference; fileEncoding = 4; lastKnownFileType = sourcecode.swift; path = Webhook.swift; sourceTree = "<group>"; };
		24D6921E281B40D500FE0FD3 /* ConvertDocumentJobStatus.swift */ = {isa = PBXFileReference; fileEncoding = 4; lastKnownFileType = sourcecode.swift; path = ConvertDocumentJobStatus.swift; sourceTree = "<group>"; };
		24D6921F281B40D500FE0FD3 /* DocumentConversionJob.swift */ = {isa = PBXFileReference; fileEncoding = 4; lastKnownFileType = sourcecode.swift; path = DocumentConversionJob.swift; sourceTree = "<group>"; };
		24D69220281B40D500FE0FD3 /* DocumentConversionJobSettings.swift */ = {isa = PBXFileReference; fileEncoding = 4; lastKnownFileType = sourcecode.swift; path = DocumentConversionJobSettings.swift; sourceTree = "<group>"; };
		24D69221281B40D500FE0FD3 /* ConvertRequestData.swift */ = {isa = PBXFileReference; fileEncoding = 4; lastKnownFileType = sourcecode.swift; path = ConvertRequestData.swift; sourceTree = "<group>"; };
		24D69222281B40D500FE0FD3 /* VideoConversionJob.swift */ = {isa = PBXFileReference; fileEncoding = 4; lastKnownFileType = sourcecode.swift; path = VideoConversionJob.swift; sourceTree = "<group>"; };
		24D69223281B40D500FE0FD3 /* ConvertVideoJobStatus.swift */ = {isa = PBXFileReference; fileEncoding = 4; lastKnownFileType = sourcecode.swift; path = ConvertVideoJobStatus.swift; sourceTree = "<group>"; };
		24D69224281B40D500FE0FD3 /* VideoConversionJobSettings.swift */ = {isa = PBXFileReference; fileEncoding = 4; lastKnownFileType = sourcecode.swift; path = VideoConversionJobSettings.swift; sourceTree = "<group>"; };
		24D69225281B40D500FE0FD3 /* ConversionOptions.swift */ = {isa = PBXFileReference; fileEncoding = 4; lastKnownFileType = sourcecode.swift; path = ConversionOptions.swift; sourceTree = "<group>"; };
		24D69227281B40D500FE0FD3 /* CopyFileToLocalStorageResponse.swift */ = {isa = PBXFileReference; fileEncoding = 4; lastKnownFileType = sourcecode.swift; path = CopyFileToLocalStorageResponse.swift; sourceTree = "<group>"; };
		24D69228281B40D500FE0FD3 /* RESTAPIError.swift */ = {isa = PBXFileReference; fileEncoding = 4; lastKnownFileType = sourcecode.swift; path = RESTAPIError.swift; sourceTree = "<group>"; };
		24D69229281B40D500FE0FD3 /* BatchFilesOperationResponse.swift */ = {isa = PBXFileReference; fileEncoding = 4; lastKnownFileType = sourcecode.swift; path = BatchFilesOperationResponse.swift; sourceTree = "<group>"; };
		24D6922A281B40D500FE0FD3 /* CopyFileToRemoteStorageResponse.swift */ = {isa = PBXFileReference; fileEncoding = 4; lastKnownFileType = sourcecode.swift; path = CopyFileToRemoteStorageResponse.swift; sourceTree = "<group>"; };
		24D6922B281B40D500FE0FD3 /* ConvertDocumentsResponse.swift */ = {isa = PBXFileReference; fileEncoding = 4; lastKnownFileType = sourcecode.swift; path = ConvertDocumentsResponse.swift; sourceTree = "<group>"; };
		24D6922C281B40D500FE0FD3 /* Collaborator.swift */ = {isa = PBXFileReference; fileEncoding = 4; lastKnownFileType = sourcecode.swift; path = Collaborator.swift; sourceTree = "<group>"; };
		24D6922D281B40D500FE0FD3 /* Project.swift */ = {isa = PBXFileReference; fileEncoding = 4; lastKnownFileType = sourcecode.swift; path = Project.swift; sourceTree = "<group>"; };
		24D6922E281B40D500FE0FD3 /* File.swift */ = {isa = PBXFileReference; fileEncoding = 4; lastKnownFileType = sourcecode.swift; path = File.swift; sourceTree = "<group>"; };
		24D6922F281B40D500FE0FD3 /* PaginationQuery.swift */ = {isa = PBXFileReference; fileEncoding = 4; lastKnownFileType = sourcecode.swift; path = PaginationQuery.swift; sourceTree = "<group>"; };
		24D69230281B40D500FE0FD3 /* Group.swift */ = {isa = PBXFileReference; fileEncoding = 4; lastKnownFileType = sourcecode.swift; path = Group.swift; sourceTree = "<group>"; };
		24D69231281B40D500FE0FD3 /* GroupsListQuery.swift */ = {isa = PBXFileReference; fileEncoding = 4; lastKnownFileType = sourcecode.swift; path = GroupsListQuery.swift; sourceTree = "<group>"; };
		24D69233281B40D500FE0FD3 /* UploadFromURLTask.swift */ = {isa = PBXFileReference; fileEncoding = 4; lastKnownFileType = sourcecode.swift; path = UploadFromURLTask.swift; sourceTree = "<group>"; };
		24D69234281B40D500FE0FD3 /* UploadSignature.swift */ = {isa = PBXFileReference; fileEncoding = 4; lastKnownFileType = sourcecode.swift; path = UploadSignature.swift; sourceTree = "<group>"; };
		24D69236281B40D500FE0FD3 /* UploadFromURLResponse.swift */ = {isa = PBXFileReference; fileEncoding = 4; lastKnownFileType = sourcecode.swift; path = UploadFromURLResponse.swift; sourceTree = "<group>"; };
		24D69237281B40D500FE0FD3 /* StartMulipartUploadResponse.swift */ = {isa = PBXFileReference; fileEncoding = 4; lastKnownFileType = sourcecode.swift; path = StartMulipartUploadResponse.swift; sourceTree = "<group>"; };
		24D69238281B40D500FE0FD3 /* UploadFromURLStatus.swift */ = {isa = PBXFileReference; fileEncoding = 4; lastKnownFileType = sourcecode.swift; path = UploadFromURLStatus.swift; sourceTree = "<group>"; };
		24D69239281B40D500FE0FD3 /* UploadTask.swift */ = {isa = PBXFileReference; fileEncoding = 4; lastKnownFileType = sourcecode.swift; path = UploadTask.swift; sourceTree = "<group>"; };
		24D6923A281B40D500FE0FD3 /* UploadError.swift */ = {isa = PBXFileReference; fileEncoding = 4; lastKnownFileType = sourcecode.swift; path = UploadError.swift; sourceTree = "<group>"; };
		24D6923B281B40D500FE0FD3 /* UploadedFile.swift */ = {isa = PBXFileReference; fileEncoding = 4; lastKnownFileType = sourcecode.swift; path = UploadedFile.swift; sourceTree = "<group>"; };
		24D6923C281B40D500FE0FD3 /* UploadedFilesGroup.swift */ = {isa = PBXFileReference; fileEncoding = 4; lastKnownFileType = sourcecode.swift; path = UploadedFilesGroup.swift; sourceTree = "<group>"; };
		24D6923D281B40D500FE0FD3 /* MultipartRequestBuilder.swift */ = {isa = PBXFileReference; fileEncoding = 4; lastKnownFileType = sourcecode.swift; path = MultipartRequestBuilder.swift; sourceTree = "<group>"; };
		24D6923F281B40D500FE0FD3 /* String+Hash.swift */ = {isa = PBXFileReference; fileEncoding = 4; lastKnownFileType = sourcecode.swift; path = "String+Hash.swift"; sourceTree = "<group>"; };
		24D69240281B40D500FE0FD3 /* Data+ToString.swift */ = {isa = PBXFileReference; fileEncoding = 4; lastKnownFileType = sourcecode.swift; path = "Data+ToString.swift"; sourceTree = "<group>"; };
		24D69241281B40D500FE0FD3 /* Uploadcare.swift */ = {isa = PBXFileReference; fileEncoding = 4; lastKnownFileType = sourcecode.swift; path = Uploadcare.swift; sourceTree = "<group>"; };
		24D69242281B40D500FE0FD3 /* APIStore.swift */ = {isa = PBXFileReference; fileEncoding = 4; lastKnownFileType = sourcecode.swift; path = APIStore.swift; sourceTree = "<group>"; };
		24D69244281B40D500FE0FD3 /* RequestManager.swift */ = {isa = PBXFileReference; fileEncoding = 4; lastKnownFileType = sourcecode.swift; path = RequestManager.swift; sourceTree = "<group>"; };
		24D69245281B40D500FE0FD3 /* Utils.swift */ = {isa = PBXFileReference; fileEncoding = 4; lastKnownFileType = sourcecode.swift; path = Utils.swift; sourceTree = "<group>"; };
		24D69246281B40D500FE0FD3 /* BackgroundSessionManager.swift */ = {isa = PBXFileReference; fileEncoding = 4; lastKnownFileType = sourcecode.swift; path = BackgroundSessionManager.swift; sourceTree = "<group>"; };
		24D69247281B40D500FE0FD3 /* UploadAPI.swift */ = {isa = PBXFileReference; fileEncoding = 4; lastKnownFileType = sourcecode.swift; path = UploadAPI.swift; sourceTree = "<group>"; };
		OBJ_12 /* UploadcareTests.swift */ = {isa = PBXFileReference; lastKnownFileType = sourcecode.swift; path = UploadcareTests.swift; sourceTree = "<group>"; };
		OBJ_13 /* XCTestManifests.swift */ = {isa = PBXFileReference; lastKnownFileType = sourcecode.swift; path = XCTestManifests.swift; sourceTree = "<group>"; };
		OBJ_16 /* Package.swift */ = {isa = PBXFileReference; explicitFileType = sourcecode.swift; name = Package.swift; path = "/Users/mak/Projects/uploadcare-swift/.build/checkouts/Alamofire/Package.swift"; sourceTree = "<group>"; };
		OBJ_17 /* AFError.swift */ = {isa = PBXFileReference; lastKnownFileType = sourcecode.swift; path = AFError.swift; sourceTree = "<group>"; };
		OBJ_18 /* Alamofire.swift */ = {isa = PBXFileReference; lastKnownFileType = sourcecode.swift; path = Alamofire.swift; sourceTree = "<group>"; };
		OBJ_19 /* DispatchQueue+Alamofire.swift */ = {isa = PBXFileReference; lastKnownFileType = sourcecode.swift; path = "DispatchQueue+Alamofire.swift"; sourceTree = "<group>"; };
		OBJ_20 /* MultipartFormData.swift */ = {isa = PBXFileReference; lastKnownFileType = sourcecode.swift; path = MultipartFormData.swift; sourceTree = "<group>"; };
		OBJ_21 /* NetworkReachabilityManager.swift */ = {isa = PBXFileReference; lastKnownFileType = sourcecode.swift; path = NetworkReachabilityManager.swift; sourceTree = "<group>"; };
		OBJ_22 /* Notifications.swift */ = {isa = PBXFileReference; lastKnownFileType = sourcecode.swift; path = Notifications.swift; sourceTree = "<group>"; };
		OBJ_23 /* ParameterEncoding.swift */ = {isa = PBXFileReference; lastKnownFileType = sourcecode.swift; path = ParameterEncoding.swift; sourceTree = "<group>"; };
		OBJ_24 /* Request.swift */ = {isa = PBXFileReference; lastKnownFileType = sourcecode.swift; path = Request.swift; sourceTree = "<group>"; };
		OBJ_25 /* Response.swift */ = {isa = PBXFileReference; lastKnownFileType = sourcecode.swift; path = Response.swift; sourceTree = "<group>"; };
		OBJ_26 /* ResponseSerialization.swift */ = {isa = PBXFileReference; lastKnownFileType = sourcecode.swift; path = ResponseSerialization.swift; sourceTree = "<group>"; };
		OBJ_27 /* Result.swift */ = {isa = PBXFileReference; lastKnownFileType = sourcecode.swift; path = Result.swift; sourceTree = "<group>"; };
		OBJ_28 /* ServerTrustPolicy.swift */ = {isa = PBXFileReference; lastKnownFileType = sourcecode.swift; path = ServerTrustPolicy.swift; sourceTree = "<group>"; };
		OBJ_29 /* SessionDelegate.swift */ = {isa = PBXFileReference; lastKnownFileType = sourcecode.swift; path = SessionDelegate.swift; sourceTree = "<group>"; };
		OBJ_30 /* SessionManager.swift */ = {isa = PBXFileReference; lastKnownFileType = sourcecode.swift; path = SessionManager.swift; sourceTree = "<group>"; };
		OBJ_31 /* TaskDelegate.swift */ = {isa = PBXFileReference; lastKnownFileType = sourcecode.swift; path = TaskDelegate.swift; sourceTree = "<group>"; };
		OBJ_32 /* Timeline.swift */ = {isa = PBXFileReference; lastKnownFileType = sourcecode.swift; path = Timeline.swift; sourceTree = "<group>"; };
		OBJ_33 /* Validation.swift */ = {isa = PBXFileReference; lastKnownFileType = sourcecode.swift; path = Validation.swift; sourceTree = "<group>"; };
		OBJ_38 /* Carthage */ = {isa = PBXFileReference; lastKnownFileType = folder; path = Carthage; sourceTree = SOURCE_ROOT; };
		OBJ_39 /* Cartfile.resolved */ = {isa = PBXFileReference; lastKnownFileType = text; path = Cartfile.resolved; sourceTree = "<group>"; };
		OBJ_40 /* LICENSE */ = {isa = PBXFileReference; lastKnownFileType = text; path = LICENSE; sourceTree = "<group>"; };
		OBJ_41 /* Cartfile */ = {isa = PBXFileReference; lastKnownFileType = text; path = Cartfile; sourceTree = "<group>"; };
		OBJ_42 /* README.md */ = {isa = PBXFileReference; lastKnownFileType = net.daringfireball.markdown; path = README.md; sourceTree = "<group>"; };
		OBJ_43 /* Uploadcare.podspec */ = {isa = PBXFileReference; lastKnownFileType = text; path = Uploadcare.podspec; sourceTree = "<group>"; };
		OBJ_6 /* Package.swift */ = {isa = PBXFileReference; explicitFileType = sourcecode.swift; path = Package.swift; sourceTree = "<group>"; };
/* End PBXFileReference section */

/* Begin PBXFrameworksBuildPhase section */
		245DBB4624901B9B002FB70B /* Frameworks */ = {
			isa = PBXFrameworksBuildPhase;
			buildActionMask = 2147483647;
			files = (
				24B985F527A093410095D204 /* Alamofire in Frameworks */,
			);
			runOnlyForDeploymentPostprocessing = 0;
		};
		24875B16243B33EB003F3E06 /* Frameworks */ = {
			isa = PBXFrameworksBuildPhase;
			buildActionMask = 2147483647;
			files = (
				24B985F127A093390095D204 /* Alamofire in Frameworks */,
			);
			runOnlyForDeploymentPostprocessing = 0;
		};
		24875B30243B3518003F3E06 /* Frameworks */ = {
			isa = PBXFrameworksBuildPhase;
			buildActionMask = 2147483647;
			files = (
				24B985F327A0933D0095D204 /* Alamofire in Frameworks */,
			);
			runOnlyForDeploymentPostprocessing = 0;
		};
		2495944E23B77F51006BB9BF /* Frameworks */ = {
			isa = PBXFrameworksBuildPhase;
			buildActionMask = 0;
			files = (
				24B985EF27A093320095D204 /* Alamofire in Frameworks */,
			);
			runOnlyForDeploymentPostprocessing = 0;
		};
/* End PBXFrameworksBuildPhase section */

/* Begin PBXGroup section */
		245DBB4A24901B9B002FB70B /* Uploadcare-watchOS */ = {
			isa = PBXGroup;
			children = (
				245DBB4B24901B9B002FB70B /* Uploadcare_watchOS.h */,
				245DBB4C24901B9B002FB70B /* Info.plist */,
			);
			path = "Uploadcare-watchOS";
			sourceTree = "<group>";
		};
		24875B00243B2EAD003F3E06 /* Uploadcare-watchOS */ = {
			isa = PBXGroup;
			children = (
				24875B01243B2EAD003F3E06 /* Uploadcare_watchOS.h */,
				24875B02243B2EAD003F3E06 /* Info.plist */,
			);
			path = "Uploadcare-watchOS";
			sourceTree = "<group>";
		};
		24875B0D243B2ED2003F3E06 /* Uploadcare-tvOS */ = {
			isa = PBXGroup;
			children = (
				24875B0E243B2ED2003F3E06 /* Uploadcare_tvOS.h */,
				24875B0F243B2ED2003F3E06 /* Info.plist */,
			);
			path = "Uploadcare-tvOS";
			sourceTree = "<group>";
		};
		24875B1A243B33EB003F3E06 /* Uploadcare-tvOS */ = {
			isa = PBXGroup;
			children = (
				24875B1B243B33EB003F3E06 /* Uploadcare_tvOS.h */,
				24875B1C243B33EC003F3E06 /* Info.plist */,
			);
			path = "Uploadcare-tvOS";
			sourceTree = "<group>";
		};
		24875B27243B3442003F3E06 /* Uploadcare-watchOS */ = {
			isa = PBXGroup;
			children = (
				24875B28243B3442003F3E06 /* Uploadcare_watchOS.h */,
				24875B29243B3442003F3E06 /* Info.plist */,
			);
			path = "Uploadcare-watchOS";
			sourceTree = "<group>";
		};
		24875B34243B3518003F3E06 /* Uploadcare-macOS */ = {
			isa = PBXGroup;
			children = (
				24875B35243B3518003F3E06 /* Uploadcare_macOS.h */,
				24875B36243B3518003F3E06 /* Info.plist */,
			);
			path = "Uploadcare-macOS";
			sourceTree = "<group>";
		};
		248BD547243627B600B4A3CA /* Uploadcare-Carthage-macOS */ = {
			isa = PBXGroup;
			children = (
				248BD548243627B600B4A3CA /* Uploadcare_Carthage_macOS.h */,
				248BD549243627B600B4A3CA /* Info.plist */,
			);
			path = "Uploadcare-Carthage-macOS";
			sourceTree = "<group>";
		};
		2495945523B7801A006BB9BF /* Frameworks */ = {
			isa = PBXGroup;
			children = (
				24875AF6243B2CCD003F3E06 /* Alamofire.framework */,
				2495945623B7801A006BB9BF /* Alamofire.framework */,
			);
			name = Frameworks;
			sourceTree = "<group>";
		};
		24B7217E2502AFE000462BD8 /* Sources */ = {
			isa = PBXGroup;
			children = (
				24D69214281B40D500FE0FD3 /* Uploadcare */,
			);
			path = Sources;
			sourceTree = "<group>";
		};
		24D69214281B40D500FE0FD3 /* Uploadcare */ = {
			isa = PBXGroup;
			children = (
				24D69215281B40D500FE0FD3 /* models */,
				24D6923D281B40D500FE0FD3 /* MultipartRequestBuilder.swift */,
				24D6923E281B40D500FE0FD3 /* extensions */,
				24D69241281B40D500FE0FD3 /* Uploadcare.swift */,
				24D69242281B40D500FE0FD3 /* APIStore.swift */,
				24D69243281B40D500FE0FD3 /* requestManager */,
				24D69245281B40D500FE0FD3 /* Utils.swift */,
				24D69246281B40D500FE0FD3 /* BackgroundSessionManager.swift */,
				24D69247281B40D500FE0FD3 /* UploadAPI.swift */,
			);
			path = Uploadcare;
			sourceTree = "<group>";
		};
		24D69215281B40D500FE0FD3 /* models */ = {
			isa = PBXGroup;
			children = (
				24D69216281B40D500FE0FD3 /* VideoInfo.swift */,
				24D69217281B40D500FE0FD3 /* GeoLocation.swift */,
				24D69218281B40D500FE0FD3 /* ImageInfo.swift */,
				24D69219281B40D500FE0FD3 /* REST */,
				24D69232281B40D500FE0FD3 /* upload */,
			);
			path = models;
			sourceTree = "<group>";
		};
		24D69219281B40D500FE0FD3 /* REST */ = {
			isa = PBXGroup;
			children = (
				24D6921A281B40D500FE0FD3 /* GroupsList.swift */,
				24D6921B281B40D500FE0FD3 /* FilesList.swift */,
				24D6921C281B40D500FE0FD3 /* Webhook.swift */,
				24D6921D281B40D500FE0FD3 /* convertion */,
				24D69226281B40D500FE0FD3 /* responses */,
				24D6922C281B40D500FE0FD3 /* Collaborator.swift */,
				24D6922D281B40D500FE0FD3 /* Project.swift */,
				24D6922E281B40D500FE0FD3 /* File.swift */,
				24D6922F281B40D500FE0FD3 /* PaginationQuery.swift */,
				24D69230281B40D500FE0FD3 /* Group.swift */,
				24D69231281B40D500FE0FD3 /* GroupsListQuery.swift */,
			);
			path = REST;
			sourceTree = "<group>";
		};
		24D6921D281B40D500FE0FD3 /* convertion */ = {
			isa = PBXGroup;
			children = (
				24D6921E281B40D500FE0FD3 /* ConvertDocumentJobStatus.swift */,
				24D6921F281B40D500FE0FD3 /* DocumentConversionJob.swift */,
				24D69220281B40D500FE0FD3 /* DocumentConversionJobSettings.swift */,
				24D69221281B40D500FE0FD3 /* ConvertRequestData.swift */,
				24D69222281B40D500FE0FD3 /* VideoConversionJob.swift */,
				24D69223281B40D500FE0FD3 /* ConvertVideoJobStatus.swift */,
				24D69224281B40D500FE0FD3 /* VideoConversionJobSettings.swift */,
				24D69225281B40D500FE0FD3 /* ConversionOptions.swift */,
			);
			path = convertion;
			sourceTree = "<group>";
		};
		24D69226281B40D500FE0FD3 /* responses */ = {
			isa = PBXGroup;
			children = (
				24D69227281B40D500FE0FD3 /* CopyFileToLocalStorageResponse.swift */,
				24D69228281B40D500FE0FD3 /* RESTAPIError.swift */,
				24D69229281B40D500FE0FD3 /* BatchFilesOperationResponse.swift */,
				24D6922A281B40D500FE0FD3 /* CopyFileToRemoteStorageResponse.swift */,
				24D6922B281B40D500FE0FD3 /* ConvertDocumentsResponse.swift */,
			);
			path = responses;
			sourceTree = "<group>";
		};
		24D69232281B40D500FE0FD3 /* upload */ = {
			isa = PBXGroup;
			children = (
				24D69233281B40D500FE0FD3 /* UploadFromURLTask.swift */,
				24D69234281B40D500FE0FD3 /* UploadSignature.swift */,
				24D69235281B40D500FE0FD3 /* responses */,
				24D69239281B40D500FE0FD3 /* UploadTask.swift */,
				24D6923A281B40D500FE0FD3 /* UploadError.swift */,
				24D6923B281B40D500FE0FD3 /* UploadedFile.swift */,
				24D6923C281B40D500FE0FD3 /* UploadedFilesGroup.swift */,
			);
			path = upload;
			sourceTree = "<group>";
		};
		24D69235281B40D500FE0FD3 /* responses */ = {
			isa = PBXGroup;
			children = (
				24D69236281B40D500FE0FD3 /* UploadFromURLResponse.swift */,
				24D69237281B40D500FE0FD3 /* StartMulipartUploadResponse.swift */,
				24D69238281B40D500FE0FD3 /* UploadFromURLStatus.swift */,
			);
			path = responses;
			sourceTree = "<group>";
		};
		24D6923E281B40D500FE0FD3 /* extensions */ = {
			isa = PBXGroup;
			children = (
				24D6923F281B40D500FE0FD3 /* String+Hash.swift */,
				24D69240281B40D500FE0FD3 /* Data+ToString.swift */,
			);
			path = extensions;
			sourceTree = "<group>";
		};
		24D69243281B40D500FE0FD3 /* requestManager */ = {
			isa = PBXGroup;
			children = (
				24D69244281B40D500FE0FD3 /* RequestManager.swift */,
			);
			path = requestManager;
			sourceTree = "<group>";
		};
		OBJ_10 /* Tests */ = {
			isa = PBXGroup;
			children = (
				OBJ_11 /* UploadcareTests */,
			);
			name = Tests;
			sourceTree = SOURCE_ROOT;
		};
		OBJ_11 /* UploadcareTests */ = {
			isa = PBXGroup;
			children = (
				OBJ_12 /* UploadcareTests.swift */,
				OBJ_13 /* XCTestManifests.swift */,
			);
			name = UploadcareTests;
			path = Tests/UploadcareTests;
			sourceTree = SOURCE_ROOT;
		};
		OBJ_14 /* Dependencies */ = {
			isa = PBXGroup;
			children = (
				OBJ_15 /* Alamofire 4.9.1 */,
			);
			name = Dependencies;
			sourceTree = "<group>";
		};
		OBJ_15 /* Alamofire 4.9.1 */ = {
			isa = PBXGroup;
			children = (
				OBJ_16 /* Package.swift */,
				OBJ_17 /* AFError.swift */,
				OBJ_18 /* Alamofire.swift */,
				OBJ_19 /* DispatchQueue+Alamofire.swift */,
				OBJ_20 /* MultipartFormData.swift */,
				OBJ_21 /* NetworkReachabilityManager.swift */,
				OBJ_22 /* Notifications.swift */,
				OBJ_23 /* ParameterEncoding.swift */,
				OBJ_24 /* Request.swift */,
				OBJ_25 /* Response.swift */,
				OBJ_26 /* ResponseSerialization.swift */,
				OBJ_27 /* Result.swift */,
				OBJ_28 /* ServerTrustPolicy.swift */,
				OBJ_29 /* SessionDelegate.swift */,
				OBJ_30 /* SessionManager.swift */,
				OBJ_31 /* TaskDelegate.swift */,
				OBJ_32 /* Timeline.swift */,
				OBJ_33 /* Validation.swift */,
			);
			name = "Alamofire 4.9.1";
			path = .build/checkouts/Alamofire/Source;
			sourceTree = SOURCE_ROOT;
		};
		OBJ_34 /* Products */ = {
			isa = PBXGroup;
			children = (
				2495945323B77F51006BB9BF /* Uploadcare.framework */,
				24875B19243B33EB003F3E06 /* Uploadcare_tvOS.framework */,
				24875B33243B3518003F3E06 /* Uploadcare_macOS.framework */,
				245DBB4924901B9B002FB70B /* Uploadcare_watchOS.framework */,
			);
			name = Products;
			sourceTree = BUILT_PRODUCTS_DIR;
		};
		OBJ_5 = {
			isa = PBXGroup;
			children = (
				OBJ_6 /* Package.swift */,
				24B7217E2502AFE000462BD8 /* Sources */,
				OBJ_10 /* Tests */,
				OBJ_14 /* Dependencies */,
				248BD547243627B600B4A3CA /* Uploadcare-Carthage-macOS */,
				24875B00243B2EAD003F3E06 /* Uploadcare-watchOS */,
				24875B0D243B2ED2003F3E06 /* Uploadcare-tvOS */,
				24875B1A243B33EB003F3E06 /* Uploadcare-tvOS */,
				24875B27243B3442003F3E06 /* Uploadcare-watchOS */,
				24875B34243B3518003F3E06 /* Uploadcare-macOS */,
				245DBB4A24901B9B002FB70B /* Uploadcare-watchOS */,
				OBJ_34 /* Products */,
				OBJ_38 /* Carthage */,
				OBJ_39 /* Cartfile.resolved */,
				OBJ_40 /* LICENSE */,
				OBJ_41 /* Cartfile */,
				OBJ_42 /* README.md */,
				OBJ_43 /* Uploadcare.podspec */,
				2495945523B7801A006BB9BF /* Frameworks */,
			);
			sourceTree = "<group>";
		};
/* End PBXGroup section */

/* Begin PBXHeadersBuildPhase section */
		245DBB4424901B9B002FB70B /* Headers */ = {
			isa = PBXHeadersBuildPhase;
			buildActionMask = 2147483647;
			files = (
				245DBB4D24901B9B002FB70B /* Uploadcare_watchOS.h in Headers */,
			);
			runOnlyForDeploymentPostprocessing = 0;
		};
		24875B14243B33EB003F3E06 /* Headers */ = {
			isa = PBXHeadersBuildPhase;
			buildActionMask = 2147483647;
			files = (
				24875B1D243B33EC003F3E06 /* Uploadcare_tvOS.h in Headers */,
			);
			runOnlyForDeploymentPostprocessing = 0;
		};
		24875B2E243B3518003F3E06 /* Headers */ = {
			isa = PBXHeadersBuildPhase;
			buildActionMask = 2147483647;
			files = (
				24875B37243B3518003F3E06 /* Uploadcare_macOS.h in Headers */,
			);
			runOnlyForDeploymentPostprocessing = 0;
		};
/* End PBXHeadersBuildPhase section */

/* Begin PBXNativeTarget section */
		245DBB4824901B9B002FB70B /* Uploadcare-watchOS */ = {
			isa = PBXNativeTarget;
			buildConfigurationList = 245DBB4E24901B9B002FB70B /* Build configuration list for PBXNativeTarget "Uploadcare-watchOS" */;
			buildPhases = (
				245DBB4424901B9B002FB70B /* Headers */,
				245DBB4524901B9B002FB70B /* Sources */,
				245DBB4624901B9B002FB70B /* Frameworks */,
				245DBB4724901B9B002FB70B /* Resources */,
			);
			buildRules = (
			);
			dependencies = (
			);
			name = "Uploadcare-watchOS";
			packageProductDependencies = (
				24B985F427A093410095D204 /* Alamofire */,
			);
			productName = "Uploadcare-watchOS";
			productReference = 245DBB4924901B9B002FB70B /* Uploadcare_watchOS.framework */;
			productType = "com.apple.product-type.framework";
		};
		24875B18243B33EB003F3E06 /* Uploadcare-tvOS */ = {
			isa = PBXNativeTarget;
			buildConfigurationList = 24875B1E243B33EC003F3E06 /* Build configuration list for PBXNativeTarget "Uploadcare-tvOS" */;
			buildPhases = (
				24875B14243B33EB003F3E06 /* Headers */,
				24875B15243B33EB003F3E06 /* Sources */,
				24875B16243B33EB003F3E06 /* Frameworks */,
				24875B17243B33EB003F3E06 /* Resources */,
			);
			buildRules = (
			);
			dependencies = (
			);
			name = "Uploadcare-tvOS";
			packageProductDependencies = (
				24B985F027A093390095D204 /* Alamofire */,
			);
			productName = "Uploadcare-tvOS";
			productReference = 24875B19243B33EB003F3E06 /* Uploadcare_tvOS.framework */;
			productType = "com.apple.product-type.framework";
		};
		24875B32243B3518003F3E06 /* Uploadcare-macOS */ = {
			isa = PBXNativeTarget;
			buildConfigurationList = 24875B38243B3518003F3E06 /* Build configuration list for PBXNativeTarget "Uploadcare-macOS" */;
			buildPhases = (
				24875B2E243B3518003F3E06 /* Headers */,
				24875B2F243B3518003F3E06 /* Sources */,
				24875B30243B3518003F3E06 /* Frameworks */,
				24875B31243B3518003F3E06 /* Resources */,
			);
			buildRules = (
			);
			dependencies = (
			);
			name = "Uploadcare-macOS";
			packageProductDependencies = (
				24B985F227A0933D0095D204 /* Alamofire */,
			);
			productName = "Uploadcare-macOS";
			productReference = 24875B33243B3518003F3E06 /* Uploadcare_macOS.framework */;
			productType = "com.apple.product-type.framework";
		};
		2495944923B77F51006BB9BF /* Uploadcare */ = {
			isa = PBXNativeTarget;
			buildConfigurationList = 2495945023B77F51006BB9BF /* Build configuration list for PBXNativeTarget "Uploadcare" */;
			buildPhases = (
				2495944C23B77F51006BB9BF /* Sources */,
				2495944E23B77F51006BB9BF /* Frameworks */,
			);
			buildRules = (
			);
			dependencies = (
			);
			name = Uploadcare;
			packageProductDependencies = (
				24B985EE27A093320095D204 /* Alamofire */,
			);
			productName = Uploadcare;
			productReference = 2495945323B77F51006BB9BF /* Uploadcare.framework */;
			productType = "com.apple.product-type.framework";
		};
/* End PBXNativeTarget section */

/* Begin PBXProject section */
		OBJ_1 /* Project object */ = {
			isa = PBXProject;
			attributes = {
				LastSwiftMigration = 9999;
				LastUpgradeCheck = 1170;
				TargetAttributes = {
					245DBB4824901B9B002FB70B = {
						CreatedOnToolsVersion = 11.5;
					};
					24875B18243B33EB003F3E06 = {
						CreatedOnToolsVersion = 11.4;
					};
					24875B32243B3518003F3E06 = {
						CreatedOnToolsVersion = 11.4;
					};
				};
			};
			buildConfigurationList = OBJ_2 /* Build configuration list for PBXProject "Uploadcare" */;
			compatibilityVersion = "Xcode 3.2";
			developmentRegion = en;
			hasScannedForEncodings = 0;
			knownRegions = (
				en,
				Base,
			);
			mainGroup = OBJ_5;
			packageReferences = (
				24B985ED27A093320095D204 /* XCRemoteSwiftPackageReference "Alamofire" */,
			);
			productRefGroup = OBJ_34 /* Products */;
			projectDirPath = "";
			projectRoot = "";
			targets = (
				2495944923B77F51006BB9BF /* Uploadcare */,
				24875B18243B33EB003F3E06 /* Uploadcare-tvOS */,
				24875B32243B3518003F3E06 /* Uploadcare-macOS */,
				245DBB4824901B9B002FB70B /* Uploadcare-watchOS */,
			);
		};
/* End PBXProject section */

/* Begin PBXResourcesBuildPhase section */
		245DBB4724901B9B002FB70B /* Resources */ = {
			isa = PBXResourcesBuildPhase;
			buildActionMask = 2147483647;
			files = (
			);
			runOnlyForDeploymentPostprocessing = 0;
		};
		24875B17243B33EB003F3E06 /* Resources */ = {
			isa = PBXResourcesBuildPhase;
			buildActionMask = 2147483647;
			files = (
			);
			runOnlyForDeploymentPostprocessing = 0;
		};
		24875B31243B3518003F3E06 /* Resources */ = {
			isa = PBXResourcesBuildPhase;
			buildActionMask = 2147483647;
			files = (
			);
			runOnlyForDeploymentPostprocessing = 0;
		};
/* End PBXResourcesBuildPhase section */

/* Begin PBXSourcesBuildPhase section */
		245DBB4524901B9B002FB70B /* Sources */ = {
			isa = PBXSourcesBuildPhase;
			buildActionMask = 2147483647;
			files = (
				24D692BF281B40D500FE0FD3 /* UploadFromURLStatus.swift in Sources */,
				24D692C3281B40D500FE0FD3 /* UploadTask.swift in Sources */,
				24D692D7281B40D500FE0FD3 /* String+Hash.swift in Sources */,
				24D692E3281B40D500FE0FD3 /* APIStore.swift in Sources */,
				24D692DF281B40D500FE0FD3 /* Uploadcare.swift in Sources */,
				24D6928F281B40D500FE0FD3 /* CopyFileToRemoteStorageResponse.swift in Sources */,
				24D69263281B40D500FE0FD3 /* ConvertDocumentJobStatus.swift in Sources */,
				24D69277281B40D500FE0FD3 /* ConvertVideoJobStatus.swift in Sources */,
				24D692BB281B40D500FE0FD3 /* StartMulipartUploadResponse.swift in Sources */,
				24D692A7281B40D500FE0FD3 /* Group.swift in Sources */,
				24D69253281B40D500FE0FD3 /* ImageInfo.swift in Sources */,
				24D692AB281B40D500FE0FD3 /* GroupsListQuery.swift in Sources */,
				24D6924F281B40D500FE0FD3 /* GeoLocation.swift in Sources */,
				24D6929B281B40D500FE0FD3 /* Project.swift in Sources */,
				24D692CB281B40D500FE0FD3 /* UploadedFile.swift in Sources */,
				24D692F3281B40D500FE0FD3 /* UploadAPI.swift in Sources */,
				24D692EB281B40D500FE0FD3 /* Utils.swift in Sources */,
				24D6925B281B40D500FE0FD3 /* FilesList.swift in Sources */,
				24D692B7281B40D500FE0FD3 /* UploadFromURLResponse.swift in Sources */,
				24D69293281B40D500FE0FD3 /* ConvertDocumentsResponse.swift in Sources */,
				24D6925F281B40D500FE0FD3 /* Webhook.swift in Sources */,
				24D692DB281B40D500FE0FD3 /* Data+ToString.swift in Sources */,
				24D6929F281B40D500FE0FD3 /* File.swift in Sources */,
				24D6926F281B40D500FE0FD3 /* ConvertRequestData.swift in Sources */,
				24D69297281B40D500FE0FD3 /* Collaborator.swift in Sources */,
				24D69283281B40D500FE0FD3 /* CopyFileToLocalStorageResponse.swift in Sources */,
				24D6928B281B40D500FE0FD3 /* BatchFilesOperationResponse.swift in Sources */,
				24D692EF281B40D500FE0FD3 /* BackgroundSessionManager.swift in Sources */,
				24D6926B281B40D500FE0FD3 /* DocumentConversionJobSettings.swift in Sources */,
				24D692A3281B40D500FE0FD3 /* PaginationQuery.swift in Sources */,
				24D6927F281B40D500FE0FD3 /* ConversionOptions.swift in Sources */,
				24D6924B281B40D500FE0FD3 /* VideoInfo.swift in Sources */,
				24D6927B281B40D500FE0FD3 /* VideoConversionJobSettings.swift in Sources */,
				24D692AF281B40D500FE0FD3 /* UploadFromURLTask.swift in Sources */,
				24D69273281B40D500FE0FD3 /* VideoConversionJob.swift in Sources */,
				24D692C7281B40D500FE0FD3 /* UploadError.swift in Sources */,
				24D692D3281B40D500FE0FD3 /* MultipartRequestBuilder.swift in Sources */,
				24D692CF281B40D500FE0FD3 /* UploadedFilesGroup.swift in Sources */,
				24D692E7281B40D500FE0FD3 /* RequestManager.swift in Sources */,
				24D692B3281B40D500FE0FD3 /* UploadSignature.swift in Sources */,
				24D69267281B40D500FE0FD3 /* DocumentConversionJob.swift in Sources */,
				24D69257281B40D500FE0FD3 /* GroupsList.swift in Sources */,
				24D69287281B40D500FE0FD3 /* RESTAPIError.swift in Sources */,
			);
			runOnlyForDeploymentPostprocessing = 0;
		};
		24875B15243B33EB003F3E06 /* Sources */ = {
			isa = PBXSourcesBuildPhase;
			buildActionMask = 2147483647;
			files = (
				24D692BD281B40D500FE0FD3 /* UploadFromURLStatus.swift in Sources */,
				24D692C1281B40D500FE0FD3 /* UploadTask.swift in Sources */,
				24D692D5281B40D500FE0FD3 /* String+Hash.swift in Sources */,
				24D692E1281B40D500FE0FD3 /* APIStore.swift in Sources */,
				24D692DD281B40D500FE0FD3 /* Uploadcare.swift in Sources */,
				24D6928D281B40D500FE0FD3 /* CopyFileToRemoteStorageResponse.swift in Sources */,
				24D69261281B40D500FE0FD3 /* ConvertDocumentJobStatus.swift in Sources */,
				24D69275281B40D500FE0FD3 /* ConvertVideoJobStatus.swift in Sources */,
				24D692B9281B40D500FE0FD3 /* StartMulipartUploadResponse.swift in Sources */,
				24D692A5281B40D500FE0FD3 /* Group.swift in Sources */,
				24D69251281B40D500FE0FD3 /* ImageInfo.swift in Sources */,
				24D692A9281B40D500FE0FD3 /* GroupsListQuery.swift in Sources */,
				24D6924D281B40D500FE0FD3 /* GeoLocation.swift in Sources */,
				24D69299281B40D500FE0FD3 /* Project.swift in Sources */,
				24D692C9281B40D500FE0FD3 /* UploadedFile.swift in Sources */,
				24D692F1281B40D500FE0FD3 /* UploadAPI.swift in Sources */,
				24D692E9281B40D500FE0FD3 /* Utils.swift in Sources */,
				24D69259281B40D500FE0FD3 /* FilesList.swift in Sources */,
				24D692B5281B40D500FE0FD3 /* UploadFromURLResponse.swift in Sources */,
				24D69291281B40D500FE0FD3 /* ConvertDocumentsResponse.swift in Sources */,
				24D6925D281B40D500FE0FD3 /* Webhook.swift in Sources */,
				24D692D9281B40D500FE0FD3 /* Data+ToString.swift in Sources */,
				24D6929D281B40D500FE0FD3 /* File.swift in Sources */,
				24D6926D281B40D500FE0FD3 /* ConvertRequestData.swift in Sources */,
				24D69295281B40D500FE0FD3 /* Collaborator.swift in Sources */,
				24D69281281B40D500FE0FD3 /* CopyFileToLocalStorageResponse.swift in Sources */,
				24D69289281B40D500FE0FD3 /* BatchFilesOperationResponse.swift in Sources */,
				24D692ED281B40D500FE0FD3 /* BackgroundSessionManager.swift in Sources */,
				24D69269281B40D500FE0FD3 /* DocumentConversionJobSettings.swift in Sources */,
				24D692A1281B40D500FE0FD3 /* PaginationQuery.swift in Sources */,
				24D6927D281B40D500FE0FD3 /* ConversionOptions.swift in Sources */,
				24D69249281B40D500FE0FD3 /* VideoInfo.swift in Sources */,
				24D69279281B40D500FE0FD3 /* VideoConversionJobSettings.swift in Sources */,
				24D692AD281B40D500FE0FD3 /* UploadFromURLTask.swift in Sources */,
				24D69271281B40D500FE0FD3 /* VideoConversionJob.swift in Sources */,
				24D692C5281B40D500FE0FD3 /* UploadError.swift in Sources */,
				24D692D1281B40D500FE0FD3 /* MultipartRequestBuilder.swift in Sources */,
				24D692CD281B40D500FE0FD3 /* UploadedFilesGroup.swift in Sources */,
				24D692E5281B40D500FE0FD3 /* RequestManager.swift in Sources */,
				24D692B1281B40D500FE0FD3 /* UploadSignature.swift in Sources */,
				24D69265281B40D500FE0FD3 /* DocumentConversionJob.swift in Sources */,
				24D69255281B40D500FE0FD3 /* GroupsList.swift in Sources */,
				24D69285281B40D500FE0FD3 /* RESTAPIError.swift in Sources */,
			);
			runOnlyForDeploymentPostprocessing = 0;
		};
		24875B2F243B3518003F3E06 /* Sources */ = {
			isa = PBXSourcesBuildPhase;
			buildActionMask = 2147483647;
			files = (
				24D692BE281B40D500FE0FD3 /* UploadFromURLStatus.swift in Sources */,
				24D692C2281B40D500FE0FD3 /* UploadTask.swift in Sources */,
				24D692D6281B40D500FE0FD3 /* String+Hash.swift in Sources */,
				24D692E2281B40D500FE0FD3 /* APIStore.swift in Sources */,
				24D692DE281B40D500FE0FD3 /* Uploadcare.swift in Sources */,
				24D6928E281B40D500FE0FD3 /* CopyFileToRemoteStorageResponse.swift in Sources */,
				24D69262281B40D500FE0FD3 /* ConvertDocumentJobStatus.swift in Sources */,
				24D69276281B40D500FE0FD3 /* ConvertVideoJobStatus.swift in Sources */,
				24D692BA281B40D500FE0FD3 /* StartMulipartUploadResponse.swift in Sources */,
				24D692A6281B40D500FE0FD3 /* Group.swift in Sources */,
				24D69252281B40D500FE0FD3 /* ImageInfo.swift in Sources */,
				24D692AA281B40D500FE0FD3 /* GroupsListQuery.swift in Sources */,
				24D6924E281B40D500FE0FD3 /* GeoLocation.swift in Sources */,
				24D6929A281B40D500FE0FD3 /* Project.swift in Sources */,
				24D692CA281B40D500FE0FD3 /* UploadedFile.swift in Sources */,
				24D692F2281B40D500FE0FD3 /* UploadAPI.swift in Sources */,
				24D692EA281B40D500FE0FD3 /* Utils.swift in Sources */,
				24D6925A281B40D500FE0FD3 /* FilesList.swift in Sources */,
				24D692B6281B40D500FE0FD3 /* UploadFromURLResponse.swift in Sources */,
				24D69292281B40D500FE0FD3 /* ConvertDocumentsResponse.swift in Sources */,
				24D6925E281B40D500FE0FD3 /* Webhook.swift in Sources */,
				24D692DA281B40D500FE0FD3 /* Data+ToString.swift in Sources */,
				24D6929E281B40D500FE0FD3 /* File.swift in Sources */,
				24D6926E281B40D500FE0FD3 /* ConvertRequestData.swift in Sources */,
				24D69296281B40D500FE0FD3 /* Collaborator.swift in Sources */,
				24D69282281B40D500FE0FD3 /* CopyFileToLocalStorageResponse.swift in Sources */,
				24D6928A281B40D500FE0FD3 /* BatchFilesOperationResponse.swift in Sources */,
				24D692EE281B40D500FE0FD3 /* BackgroundSessionManager.swift in Sources */,
				24D6926A281B40D500FE0FD3 /* DocumentConversionJobSettings.swift in Sources */,
				24D692A2281B40D500FE0FD3 /* PaginationQuery.swift in Sources */,
				24D6927E281B40D500FE0FD3 /* ConversionOptions.swift in Sources */,
				24D6924A281B40D500FE0FD3 /* VideoInfo.swift in Sources */,
				24D6927A281B40D500FE0FD3 /* VideoConversionJobSettings.swift in Sources */,
				24D692AE281B40D500FE0FD3 /* UploadFromURLTask.swift in Sources */,
				24D69272281B40D500FE0FD3 /* VideoConversionJob.swift in Sources */,
				24D692C6281B40D500FE0FD3 /* UploadError.swift in Sources */,
				24D692D2281B40D500FE0FD3 /* MultipartRequestBuilder.swift in Sources */,
				24D692CE281B40D500FE0FD3 /* UploadedFilesGroup.swift in Sources */,
				24D692E6281B40D500FE0FD3 /* RequestManager.swift in Sources */,
				24D692B2281B40D500FE0FD3 /* UploadSignature.swift in Sources */,
				24D69266281B40D500FE0FD3 /* DocumentConversionJob.swift in Sources */,
				24D69256281B40D500FE0FD3 /* GroupsList.swift in Sources */,
				24D69286281B40D500FE0FD3 /* RESTAPIError.swift in Sources */,
			);
			runOnlyForDeploymentPostprocessing = 0;
		};
		2495944C23B77F51006BB9BF /* Sources */ = {
			isa = PBXSourcesBuildPhase;
			buildActionMask = 0;
			files = (
				24D692BC281B40D500FE0FD3 /* UploadFromURLStatus.swift in Sources */,
				24D692C0281B40D500FE0FD3 /* UploadTask.swift in Sources */,
				24D692D4281B40D500FE0FD3 /* String+Hash.swift in Sources */,
				24D692E0281B40D500FE0FD3 /* APIStore.swift in Sources */,
				24D692DC281B40D500FE0FD3 /* Uploadcare.swift in Sources */,
				24D6928C281B40D500FE0FD3 /* CopyFileToRemoteStorageResponse.swift in Sources */,
				24D69260281B40D500FE0FD3 /* ConvertDocumentJobStatus.swift in Sources */,
				24D69274281B40D500FE0FD3 /* ConvertVideoJobStatus.swift in Sources */,
				24D692B8281B40D500FE0FD3 /* StartMulipartUploadResponse.swift in Sources */,
				24D692A4281B40D500FE0FD3 /* Group.swift in Sources */,
				24D69250281B40D500FE0FD3 /* ImageInfo.swift in Sources */,
				24D692A8281B40D500FE0FD3 /* GroupsListQuery.swift in Sources */,
				24D6924C281B40D500FE0FD3 /* GeoLocation.swift in Sources */,
				24D69298281B40D500FE0FD3 /* Project.swift in Sources */,
				24D692C8281B40D500FE0FD3 /* UploadedFile.swift in Sources */,
				24D692F0281B40D500FE0FD3 /* UploadAPI.swift in Sources */,
				24D692E8281B40D500FE0FD3 /* Utils.swift in Sources */,
				24D69258281B40D500FE0FD3 /* FilesList.swift in Sources */,
				24D692B4281B40D500FE0FD3 /* UploadFromURLResponse.swift in Sources */,
				24D69290281B40D500FE0FD3 /* ConvertDocumentsResponse.swift in Sources */,
				24D6925C281B40D500FE0FD3 /* Webhook.swift in Sources */,
				24D692D8281B40D500FE0FD3 /* Data+ToString.swift in Sources */,
				24D6929C281B40D500FE0FD3 /* File.swift in Sources */,
				24D6926C281B40D500FE0FD3 /* ConvertRequestData.swift in Sources */,
				24D69294281B40D500FE0FD3 /* Collaborator.swift in Sources */,
				24D69280281B40D500FE0FD3 /* CopyFileToLocalStorageResponse.swift in Sources */,
				24D69288281B40D500FE0FD3 /* BatchFilesOperationResponse.swift in Sources */,
				24D692EC281B40D500FE0FD3 /* BackgroundSessionManager.swift in Sources */,
				24D69268281B40D500FE0FD3 /* DocumentConversionJobSettings.swift in Sources */,
				24D692A0281B40D500FE0FD3 /* PaginationQuery.swift in Sources */,
				24D6927C281B40D500FE0FD3 /* ConversionOptions.swift in Sources */,
				24D69248281B40D500FE0FD3 /* VideoInfo.swift in Sources */,
				24D69278281B40D500FE0FD3 /* VideoConversionJobSettings.swift in Sources */,
				24D692AC281B40D500FE0FD3 /* UploadFromURLTask.swift in Sources */,
				24D69270281B40D500FE0FD3 /* VideoConversionJob.swift in Sources */,
				24D692C4281B40D500FE0FD3 /* UploadError.swift in Sources */,
				24D692D0281B40D500FE0FD3 /* MultipartRequestBuilder.swift in Sources */,
				24D692CC281B40D500FE0FD3 /* UploadedFilesGroup.swift in Sources */,
				24D692E4281B40D500FE0FD3 /* RequestManager.swift in Sources */,
				24D692B0281B40D500FE0FD3 /* UploadSignature.swift in Sources */,
				24D69264281B40D500FE0FD3 /* DocumentConversionJob.swift in Sources */,
				24D69254281B40D500FE0FD3 /* GroupsList.swift in Sources */,
				24D69284281B40D500FE0FD3 /* RESTAPIError.swift in Sources */,
			);
			runOnlyForDeploymentPostprocessing = 0;
		};
/* End PBXSourcesBuildPhase section */

/* Begin XCBuildConfiguration section */
		245DBB4F24901B9B002FB70B /* Debug */ = {
			isa = XCBuildConfiguration;
			buildSettings = {
				ALWAYS_SEARCH_USER_PATHS = NO;
				APPLICATION_EXTENSION_API_ONLY = YES;
				CLANG_ANALYZER_NONNULL = YES;
				CLANG_ANALYZER_NUMBER_OBJECT_CONVERSION = YES_AGGRESSIVE;
				CLANG_CXX_LANGUAGE_STANDARD = "gnu++14";
				CLANG_CXX_LIBRARY = "libc++";
				CLANG_ENABLE_MODULES = YES;
				CLANG_ENABLE_OBJC_WEAK = YES;
				CLANG_WARN_BLOCK_CAPTURE_AUTORELEASING = YES;
				CLANG_WARN_BOOL_CONVERSION = YES;
				CLANG_WARN_COMMA = YES;
				CLANG_WARN_CONSTANT_CONVERSION = YES;
				CLANG_WARN_DEPRECATED_OBJC_IMPLEMENTATIONS = YES;
				CLANG_WARN_DIRECT_OBJC_ISA_USAGE = YES_ERROR;
				CLANG_WARN_DOCUMENTATION_COMMENTS = YES;
				CLANG_WARN_EMPTY_BODY = YES;
				CLANG_WARN_ENUM_CONVERSION = YES;
				CLANG_WARN_INFINITE_RECURSION = YES;
				CLANG_WARN_INT_CONVERSION = YES;
				CLANG_WARN_NON_LITERAL_NULL_CONVERSION = YES;
				CLANG_WARN_OBJC_IMPLICIT_RETAIN_SELF = YES;
				CLANG_WARN_OBJC_LITERAL_CONVERSION = YES;
				CLANG_WARN_OBJC_ROOT_CLASS = YES_ERROR;
				CLANG_WARN_RANGE_LOOP_ANALYSIS = YES;
				CLANG_WARN_STRICT_PROTOTYPES = YES;
				CLANG_WARN_SUSPICIOUS_MOVE = YES;
				CLANG_WARN_UNGUARDED_AVAILABILITY = YES_AGGRESSIVE;
				CLANG_WARN_UNREACHABLE_CODE = YES;
				CLANG_WARN__DUPLICATE_METHOD_MATCH = YES;
				CODE_SIGN_STYLE = Manual;
				CURRENT_PROJECT_VERSION = 1;
				DEFINES_MODULE = YES;
				DEVELOPMENT_TEAM = "";
				DYLIB_COMPATIBILITY_VERSION = 1;
				DYLIB_CURRENT_VERSION = 1;
				DYLIB_INSTALL_NAME_BASE = "@rpath";
				ENABLE_STRICT_OBJC_MSGSEND = YES;
				ENABLE_TESTABILITY = YES;
				GCC_C_LANGUAGE_STANDARD = gnu11;
				GCC_DYNAMIC_NO_PIC = NO;
				GCC_NO_COMMON_BLOCKS = YES;
				GCC_PREPROCESSOR_DEFINITIONS = (
					"DEBUG=1",
					"$(inherited)",
				);
				GCC_WARN_64_TO_32_BIT_CONVERSION = YES;
				GCC_WARN_ABOUT_RETURN_TYPE = YES_ERROR;
				GCC_WARN_UNDECLARED_SELECTOR = YES;
				GCC_WARN_UNINITIALIZED_AUTOS = YES_AGGRESSIVE;
				GCC_WARN_UNUSED_FUNCTION = YES;
				GCC_WARN_UNUSED_VARIABLE = YES;
				INFOPLIST_FILE = "Uploadcare-watchOS/Info.plist";
				INSTALL_PATH = "$(LOCAL_LIBRARY_DIR)/Frameworks";
				LD_RUNPATH_SEARCH_PATHS = (
					"$(inherited)",
					"@executable_path/Frameworks",
					"@loader_path/Frameworks",
				);
				MTL_ENABLE_DEBUG_INFO = INCLUDE_SOURCE;
				MTL_FAST_MATH = YES;
				PRODUCT_BUNDLE_IDENTIFIER = "com.uploadcare.Uploadcare-watchOS";
				PRODUCT_NAME = "$(TARGET_NAME:c99extidentifier)";
				PROVISIONING_PROFILE_SPECIFIER = "";
				SDKROOT = watchos;
				SKIP_INSTALL = YES;
				SUPPORTED_PLATFORMS = "watchsimulator watchos";
				SWIFT_ACTIVE_COMPILATION_CONDITIONS = DEBUG;
				SWIFT_VERSION = 5.0;
				TARGETED_DEVICE_FAMILY = 4;
				VERSIONING_SYSTEM = "apple-generic";
				VERSION_INFO_PREFIX = "";
				WATCHOS_DEPLOYMENT_TARGET = 5.0;
			};
			name = Debug;
		};
		245DBB5024901B9B002FB70B /* Release */ = {
			isa = XCBuildConfiguration;
			buildSettings = {
				ALWAYS_SEARCH_USER_PATHS = NO;
				APPLICATION_EXTENSION_API_ONLY = YES;
				CLANG_ANALYZER_NONNULL = YES;
				CLANG_ANALYZER_NUMBER_OBJECT_CONVERSION = YES_AGGRESSIVE;
				CLANG_CXX_LANGUAGE_STANDARD = "gnu++14";
				CLANG_CXX_LIBRARY = "libc++";
				CLANG_ENABLE_MODULES = YES;
				CLANG_ENABLE_OBJC_WEAK = YES;
				CLANG_WARN_BLOCK_CAPTURE_AUTORELEASING = YES;
				CLANG_WARN_BOOL_CONVERSION = YES;
				CLANG_WARN_COMMA = YES;
				CLANG_WARN_CONSTANT_CONVERSION = YES;
				CLANG_WARN_DEPRECATED_OBJC_IMPLEMENTATIONS = YES;
				CLANG_WARN_DIRECT_OBJC_ISA_USAGE = YES_ERROR;
				CLANG_WARN_DOCUMENTATION_COMMENTS = YES;
				CLANG_WARN_EMPTY_BODY = YES;
				CLANG_WARN_ENUM_CONVERSION = YES;
				CLANG_WARN_INFINITE_RECURSION = YES;
				CLANG_WARN_INT_CONVERSION = YES;
				CLANG_WARN_NON_LITERAL_NULL_CONVERSION = YES;
				CLANG_WARN_OBJC_IMPLICIT_RETAIN_SELF = YES;
				CLANG_WARN_OBJC_LITERAL_CONVERSION = YES;
				CLANG_WARN_OBJC_ROOT_CLASS = YES_ERROR;
				CLANG_WARN_RANGE_LOOP_ANALYSIS = YES;
				CLANG_WARN_STRICT_PROTOTYPES = YES;
				CLANG_WARN_SUSPICIOUS_MOVE = YES;
				CLANG_WARN_UNGUARDED_AVAILABILITY = YES_AGGRESSIVE;
				CLANG_WARN_UNREACHABLE_CODE = YES;
				CLANG_WARN__DUPLICATE_METHOD_MATCH = YES;
				CODE_SIGN_STYLE = Manual;
				COPY_PHASE_STRIP = NO;
				CURRENT_PROJECT_VERSION = 1;
				DEFINES_MODULE = YES;
				DEVELOPMENT_TEAM = "";
				DYLIB_COMPATIBILITY_VERSION = 1;
				DYLIB_CURRENT_VERSION = 1;
				DYLIB_INSTALL_NAME_BASE = "@rpath";
				ENABLE_NS_ASSERTIONS = NO;
				ENABLE_STRICT_OBJC_MSGSEND = YES;
				GCC_C_LANGUAGE_STANDARD = gnu11;
				GCC_NO_COMMON_BLOCKS = YES;
				GCC_WARN_64_TO_32_BIT_CONVERSION = YES;
				GCC_WARN_ABOUT_RETURN_TYPE = YES_ERROR;
				GCC_WARN_UNDECLARED_SELECTOR = YES;
				GCC_WARN_UNINITIALIZED_AUTOS = YES_AGGRESSIVE;
				GCC_WARN_UNUSED_FUNCTION = YES;
				GCC_WARN_UNUSED_VARIABLE = YES;
				INFOPLIST_FILE = "Uploadcare-watchOS/Info.plist";
				INSTALL_PATH = "$(LOCAL_LIBRARY_DIR)/Frameworks";
				LD_RUNPATH_SEARCH_PATHS = (
					"$(inherited)",
					"@executable_path/Frameworks",
					"@loader_path/Frameworks",
				);
				MTL_ENABLE_DEBUG_INFO = NO;
				MTL_FAST_MATH = YES;
				PRODUCT_BUNDLE_IDENTIFIER = "com.uploadcare.Uploadcare-watchOS";
				PRODUCT_NAME = "$(TARGET_NAME:c99extidentifier)";
				PROVISIONING_PROFILE_SPECIFIER = "";
				SDKROOT = watchos;
				SKIP_INSTALL = YES;
				SUPPORTED_PLATFORMS = "watchsimulator watchos";
				SWIFT_VERSION = 5.0;
				TARGETED_DEVICE_FAMILY = 4;
				VALIDATE_PRODUCT = YES;
				VERSIONING_SYSTEM = "apple-generic";
				VERSION_INFO_PREFIX = "";
				WATCHOS_DEPLOYMENT_TARGET = 5.0;
			};
			name = Release;
		};
		24875B1F243B33EC003F3E06 /* Debug */ = {
			isa = XCBuildConfiguration;
			buildSettings = {
				ALWAYS_SEARCH_USER_PATHS = NO;
				CLANG_ANALYZER_NONNULL = YES;
				CLANG_ANALYZER_NUMBER_OBJECT_CONVERSION = YES_AGGRESSIVE;
				CLANG_CXX_LANGUAGE_STANDARD = "gnu++14";
				CLANG_CXX_LIBRARY = "libc++";
				CLANG_ENABLE_MODULES = YES;
				CLANG_ENABLE_OBJC_WEAK = YES;
				CLANG_WARN_BLOCK_CAPTURE_AUTORELEASING = YES;
				CLANG_WARN_BOOL_CONVERSION = YES;
				CLANG_WARN_COMMA = YES;
				CLANG_WARN_CONSTANT_CONVERSION = YES;
				CLANG_WARN_DEPRECATED_OBJC_IMPLEMENTATIONS = YES;
				CLANG_WARN_DIRECT_OBJC_ISA_USAGE = YES_ERROR;
				CLANG_WARN_DOCUMENTATION_COMMENTS = YES;
				CLANG_WARN_EMPTY_BODY = YES;
				CLANG_WARN_ENUM_CONVERSION = YES;
				CLANG_WARN_INFINITE_RECURSION = YES;
				CLANG_WARN_INT_CONVERSION = YES;
				CLANG_WARN_NON_LITERAL_NULL_CONVERSION = YES;
				CLANG_WARN_OBJC_IMPLICIT_RETAIN_SELF = YES;
				CLANG_WARN_OBJC_LITERAL_CONVERSION = YES;
				CLANG_WARN_OBJC_ROOT_CLASS = YES_ERROR;
				CLANG_WARN_RANGE_LOOP_ANALYSIS = YES;
				CLANG_WARN_STRICT_PROTOTYPES = YES;
				CLANG_WARN_SUSPICIOUS_MOVE = YES;
				CLANG_WARN_UNGUARDED_AVAILABILITY = YES_AGGRESSIVE;
				CLANG_WARN_UNREACHABLE_CODE = YES;
				CLANG_WARN__DUPLICATE_METHOD_MATCH = YES;
				CODE_SIGN_STYLE = Manual;
				CURRENT_PROJECT_VERSION = 1;
				DEFINES_MODULE = YES;
				DEVELOPMENT_TEAM = "";
				DYLIB_COMPATIBILITY_VERSION = 1;
				DYLIB_CURRENT_VERSION = 1;
				DYLIB_INSTALL_NAME_BASE = "@rpath";
				ENABLE_STRICT_OBJC_MSGSEND = YES;
				ENABLE_TESTABILITY = YES;
				GCC_C_LANGUAGE_STANDARD = gnu11;
				GCC_DYNAMIC_NO_PIC = NO;
				GCC_NO_COMMON_BLOCKS = YES;
				GCC_PREPROCESSOR_DEFINITIONS = (
					"DEBUG=1",
					"$(inherited)",
				);
				GCC_WARN_64_TO_32_BIT_CONVERSION = YES;
				GCC_WARN_ABOUT_RETURN_TYPE = YES_ERROR;
				GCC_WARN_UNDECLARED_SELECTOR = YES;
				GCC_WARN_UNINITIALIZED_AUTOS = YES_AGGRESSIVE;
				GCC_WARN_UNUSED_FUNCTION = YES;
				GCC_WARN_UNUSED_VARIABLE = YES;
				INFOPLIST_FILE = "Uploadcare-tvOS/Info.plist";
				INSTALL_PATH = "$(LOCAL_LIBRARY_DIR)/Frameworks";
				LD_RUNPATH_SEARCH_PATHS = (
					"$(inherited)",
					"@executable_path/Frameworks",
					"@loader_path/Frameworks",
				);
				MTL_ENABLE_DEBUG_INFO = INCLUDE_SOURCE;
				MTL_FAST_MATH = YES;
				PRODUCT_BUNDLE_IDENTIFIER = "com.uploadcare.Uploadcare-tvOS";
				PRODUCT_NAME = "$(TARGET_NAME:c99extidentifier)";
				PROVISIONING_PROFILE_SPECIFIER = "";
				SDKROOT = appletvos;
				SKIP_INSTALL = YES;
				SUPPORTED_PLATFORMS = "appletvsimulator appletvos";
				SWIFT_ACTIVE_COMPILATION_CONDITIONS = DEBUG;
				SWIFT_VERSION = 5.0;
				TARGETED_DEVICE_FAMILY = 3;
				TVOS_DEPLOYMENT_TARGET = 11.0;
				VERSIONING_SYSTEM = "apple-generic";
				VERSION_INFO_PREFIX = "";
			};
			name = Debug;
		};
		24875B20243B33EC003F3E06 /* Release */ = {
			isa = XCBuildConfiguration;
			buildSettings = {
				ALWAYS_SEARCH_USER_PATHS = NO;
				CLANG_ANALYZER_NONNULL = YES;
				CLANG_ANALYZER_NUMBER_OBJECT_CONVERSION = YES_AGGRESSIVE;
				CLANG_CXX_LANGUAGE_STANDARD = "gnu++14";
				CLANG_CXX_LIBRARY = "libc++";
				CLANG_ENABLE_MODULES = YES;
				CLANG_ENABLE_OBJC_WEAK = YES;
				CLANG_WARN_BLOCK_CAPTURE_AUTORELEASING = YES;
				CLANG_WARN_BOOL_CONVERSION = YES;
				CLANG_WARN_COMMA = YES;
				CLANG_WARN_CONSTANT_CONVERSION = YES;
				CLANG_WARN_DEPRECATED_OBJC_IMPLEMENTATIONS = YES;
				CLANG_WARN_DIRECT_OBJC_ISA_USAGE = YES_ERROR;
				CLANG_WARN_DOCUMENTATION_COMMENTS = YES;
				CLANG_WARN_EMPTY_BODY = YES;
				CLANG_WARN_ENUM_CONVERSION = YES;
				CLANG_WARN_INFINITE_RECURSION = YES;
				CLANG_WARN_INT_CONVERSION = YES;
				CLANG_WARN_NON_LITERAL_NULL_CONVERSION = YES;
				CLANG_WARN_OBJC_IMPLICIT_RETAIN_SELF = YES;
				CLANG_WARN_OBJC_LITERAL_CONVERSION = YES;
				CLANG_WARN_OBJC_ROOT_CLASS = YES_ERROR;
				CLANG_WARN_RANGE_LOOP_ANALYSIS = YES;
				CLANG_WARN_STRICT_PROTOTYPES = YES;
				CLANG_WARN_SUSPICIOUS_MOVE = YES;
				CLANG_WARN_UNGUARDED_AVAILABILITY = YES_AGGRESSIVE;
				CLANG_WARN_UNREACHABLE_CODE = YES;
				CLANG_WARN__DUPLICATE_METHOD_MATCH = YES;
				CODE_SIGN_STYLE = Manual;
				COPY_PHASE_STRIP = NO;
				CURRENT_PROJECT_VERSION = 1;
				DEFINES_MODULE = YES;
				DEVELOPMENT_TEAM = "";
				DYLIB_COMPATIBILITY_VERSION = 1;
				DYLIB_CURRENT_VERSION = 1;
				DYLIB_INSTALL_NAME_BASE = "@rpath";
				ENABLE_NS_ASSERTIONS = NO;
				ENABLE_STRICT_OBJC_MSGSEND = YES;
				GCC_C_LANGUAGE_STANDARD = gnu11;
				GCC_NO_COMMON_BLOCKS = YES;
				GCC_WARN_64_TO_32_BIT_CONVERSION = YES;
				GCC_WARN_ABOUT_RETURN_TYPE = YES_ERROR;
				GCC_WARN_UNDECLARED_SELECTOR = YES;
				GCC_WARN_UNINITIALIZED_AUTOS = YES_AGGRESSIVE;
				GCC_WARN_UNUSED_FUNCTION = YES;
				GCC_WARN_UNUSED_VARIABLE = YES;
				INFOPLIST_FILE = "Uploadcare-tvOS/Info.plist";
				INSTALL_PATH = "$(LOCAL_LIBRARY_DIR)/Frameworks";
				LD_RUNPATH_SEARCH_PATHS = (
					"$(inherited)",
					"@executable_path/Frameworks",
					"@loader_path/Frameworks",
				);
				MTL_ENABLE_DEBUG_INFO = NO;
				MTL_FAST_MATH = YES;
				PRODUCT_BUNDLE_IDENTIFIER = "com.uploadcare.Uploadcare-tvOS";
				PRODUCT_NAME = "$(TARGET_NAME:c99extidentifier)";
				PROVISIONING_PROFILE_SPECIFIER = "";
				SDKROOT = appletvos;
				SKIP_INSTALL = YES;
				SUPPORTED_PLATFORMS = "appletvsimulator appletvos";
				SWIFT_VERSION = 5.0;
				TARGETED_DEVICE_FAMILY = 3;
				TVOS_DEPLOYMENT_TARGET = 11.0;
				VALIDATE_PRODUCT = YES;
				VERSIONING_SYSTEM = "apple-generic";
				VERSION_INFO_PREFIX = "";
			};
			name = Release;
		};
		24875B39243B3518003F3E06 /* Debug */ = {
			isa = XCBuildConfiguration;
			buildSettings = {
				ALWAYS_SEARCH_USER_PATHS = NO;
				CLANG_ANALYZER_NONNULL = YES;
				CLANG_ANALYZER_NUMBER_OBJECT_CONVERSION = YES_AGGRESSIVE;
				CLANG_CXX_LANGUAGE_STANDARD = "gnu++14";
				CLANG_CXX_LIBRARY = "libc++";
				CLANG_ENABLE_MODULES = YES;
				CLANG_ENABLE_OBJC_WEAK = YES;
				CLANG_WARN_BLOCK_CAPTURE_AUTORELEASING = YES;
				CLANG_WARN_BOOL_CONVERSION = YES;
				CLANG_WARN_COMMA = YES;
				CLANG_WARN_CONSTANT_CONVERSION = YES;
				CLANG_WARN_DEPRECATED_OBJC_IMPLEMENTATIONS = YES;
				CLANG_WARN_DIRECT_OBJC_ISA_USAGE = YES_ERROR;
				CLANG_WARN_DOCUMENTATION_COMMENTS = YES;
				CLANG_WARN_EMPTY_BODY = YES;
				CLANG_WARN_ENUM_CONVERSION = YES;
				CLANG_WARN_INFINITE_RECURSION = YES;
				CLANG_WARN_INT_CONVERSION = YES;
				CLANG_WARN_NON_LITERAL_NULL_CONVERSION = YES;
				CLANG_WARN_OBJC_IMPLICIT_RETAIN_SELF = YES;
				CLANG_WARN_OBJC_LITERAL_CONVERSION = YES;
				CLANG_WARN_OBJC_ROOT_CLASS = YES_ERROR;
				CLANG_WARN_RANGE_LOOP_ANALYSIS = YES;
				CLANG_WARN_STRICT_PROTOTYPES = YES;
				CLANG_WARN_SUSPICIOUS_MOVE = YES;
				CLANG_WARN_UNGUARDED_AVAILABILITY = YES_AGGRESSIVE;
				CLANG_WARN_UNREACHABLE_CODE = YES;
				CLANG_WARN__DUPLICATE_METHOD_MATCH = YES;
				CODE_SIGN_STYLE = Manual;
				COMBINE_HIDPI_IMAGES = YES;
				CURRENT_PROJECT_VERSION = 1;
				DEFINES_MODULE = YES;
				DEVELOPMENT_TEAM = "";
				DYLIB_COMPATIBILITY_VERSION = 1;
				DYLIB_CURRENT_VERSION = 1;
				DYLIB_INSTALL_NAME_BASE = "@rpath";
				ENABLE_STRICT_OBJC_MSGSEND = YES;
				ENABLE_TESTABILITY = YES;
				GCC_C_LANGUAGE_STANDARD = gnu11;
				GCC_DYNAMIC_NO_PIC = NO;
				GCC_NO_COMMON_BLOCKS = YES;
				GCC_PREPROCESSOR_DEFINITIONS = (
					"DEBUG=1",
					"$(inherited)",
				);
				GCC_WARN_64_TO_32_BIT_CONVERSION = YES;
				GCC_WARN_ABOUT_RETURN_TYPE = YES_ERROR;
				GCC_WARN_UNDECLARED_SELECTOR = YES;
				GCC_WARN_UNINITIALIZED_AUTOS = YES_AGGRESSIVE;
				GCC_WARN_UNUSED_FUNCTION = YES;
				GCC_WARN_UNUSED_VARIABLE = YES;
				INFOPLIST_FILE = "Uploadcare-macOS/Info.plist";
				INSTALL_PATH = "$(LOCAL_LIBRARY_DIR)/Frameworks";
				LD_RUNPATH_SEARCH_PATHS = (
					"$(inherited)",
					"@executable_path/../Frameworks",
					"@loader_path/Frameworks",
				);
				MACOSX_DEPLOYMENT_TARGET = 10.13;
				MTL_ENABLE_DEBUG_INFO = INCLUDE_SOURCE;
				MTL_FAST_MATH = YES;
				PRODUCT_BUNDLE_IDENTIFIER = "com.uploadcare.Uploadcare-macOS";
				PRODUCT_NAME = "$(TARGET_NAME:c99extidentifier)";
				PROVISIONING_PROFILE_SPECIFIER = "";
				SDKROOT = macosx;
				SKIP_INSTALL = YES;
				SUPPORTED_PLATFORMS = macosx;
				SWIFT_ACTIVE_COMPILATION_CONDITIONS = DEBUG;
				SWIFT_VERSION = 5.0;
				VERSIONING_SYSTEM = "apple-generic";
				VERSION_INFO_PREFIX = "";
			};
			name = Debug;
		};
		24875B3A243B3518003F3E06 /* Release */ = {
			isa = XCBuildConfiguration;
			buildSettings = {
				ALWAYS_SEARCH_USER_PATHS = NO;
				CLANG_ANALYZER_NONNULL = YES;
				CLANG_ANALYZER_NUMBER_OBJECT_CONVERSION = YES_AGGRESSIVE;
				CLANG_CXX_LANGUAGE_STANDARD = "gnu++14";
				CLANG_CXX_LIBRARY = "libc++";
				CLANG_ENABLE_MODULES = YES;
				CLANG_ENABLE_OBJC_WEAK = YES;
				CLANG_WARN_BLOCK_CAPTURE_AUTORELEASING = YES;
				CLANG_WARN_BOOL_CONVERSION = YES;
				CLANG_WARN_COMMA = YES;
				CLANG_WARN_CONSTANT_CONVERSION = YES;
				CLANG_WARN_DEPRECATED_OBJC_IMPLEMENTATIONS = YES;
				CLANG_WARN_DIRECT_OBJC_ISA_USAGE = YES_ERROR;
				CLANG_WARN_DOCUMENTATION_COMMENTS = YES;
				CLANG_WARN_EMPTY_BODY = YES;
				CLANG_WARN_ENUM_CONVERSION = YES;
				CLANG_WARN_INFINITE_RECURSION = YES;
				CLANG_WARN_INT_CONVERSION = YES;
				CLANG_WARN_NON_LITERAL_NULL_CONVERSION = YES;
				CLANG_WARN_OBJC_IMPLICIT_RETAIN_SELF = YES;
				CLANG_WARN_OBJC_LITERAL_CONVERSION = YES;
				CLANG_WARN_OBJC_ROOT_CLASS = YES_ERROR;
				CLANG_WARN_RANGE_LOOP_ANALYSIS = YES;
				CLANG_WARN_STRICT_PROTOTYPES = YES;
				CLANG_WARN_SUSPICIOUS_MOVE = YES;
				CLANG_WARN_UNGUARDED_AVAILABILITY = YES_AGGRESSIVE;
				CLANG_WARN_UNREACHABLE_CODE = YES;
				CLANG_WARN__DUPLICATE_METHOD_MATCH = YES;
				CODE_SIGN_STYLE = Manual;
				COMBINE_HIDPI_IMAGES = YES;
				COPY_PHASE_STRIP = NO;
				CURRENT_PROJECT_VERSION = 1;
				DEFINES_MODULE = YES;
				DEVELOPMENT_TEAM = "";
				DYLIB_COMPATIBILITY_VERSION = 1;
				DYLIB_CURRENT_VERSION = 1;
				DYLIB_INSTALL_NAME_BASE = "@rpath";
				ENABLE_NS_ASSERTIONS = NO;
				ENABLE_STRICT_OBJC_MSGSEND = YES;
				GCC_C_LANGUAGE_STANDARD = gnu11;
				GCC_NO_COMMON_BLOCKS = YES;
				GCC_WARN_64_TO_32_BIT_CONVERSION = YES;
				GCC_WARN_ABOUT_RETURN_TYPE = YES_ERROR;
				GCC_WARN_UNDECLARED_SELECTOR = YES;
				GCC_WARN_UNINITIALIZED_AUTOS = YES_AGGRESSIVE;
				GCC_WARN_UNUSED_FUNCTION = YES;
				GCC_WARN_UNUSED_VARIABLE = YES;
				INFOPLIST_FILE = "Uploadcare-macOS/Info.plist";
				INSTALL_PATH = "$(LOCAL_LIBRARY_DIR)/Frameworks";
				LD_RUNPATH_SEARCH_PATHS = (
					"$(inherited)",
					"@executable_path/../Frameworks",
					"@loader_path/Frameworks",
				);
				MACOSX_DEPLOYMENT_TARGET = 10.13;
				MTL_ENABLE_DEBUG_INFO = NO;
				MTL_FAST_MATH = YES;
				PRODUCT_BUNDLE_IDENTIFIER = "com.uploadcare.Uploadcare-macOS";
				PRODUCT_NAME = "$(TARGET_NAME:c99extidentifier)";
				PROVISIONING_PROFILE_SPECIFIER = "";
				SDKROOT = macosx;
				SKIP_INSTALL = YES;
				SUPPORTED_PLATFORMS = macosx;
				SWIFT_VERSION = 5.0;
				VERSIONING_SYSTEM = "apple-generic";
				VERSION_INFO_PREFIX = "";
			};
			name = Release;
		};
		2495945123B77F51006BB9BF /* Debug */ = {
			isa = XCBuildConfiguration;
			buildSettings = {
				CODE_SIGN_STYLE = Manual;
				DEVELOPMENT_TEAM = "";
				ENABLE_TESTABILITY = YES;
				FRAMEWORK_SEARCH_PATHS = (
					"$(inherited)",
					"$(PLATFORM_DIR)/Developer/Library/Frameworks",
					"$(PROJECT_DIR)/Carthage/Build/iOS",
				);
				HEADER_SEARCH_PATHS = "$(inherited)";
				INFOPLIST_FILE = Uploadcare.xcodeproj/Uploadcare_Info.plist;
				IPHONEOS_DEPLOYMENT_TARGET = 11.0;
				LD_RUNPATH_SEARCH_PATHS = (
					"$(inherited)",
					"$(TOOLCHAIN_DIR)/usr/lib/swift/macosx",
				);
				MACOSX_DEPLOYMENT_TARGET = 10.10;
				OTHER_CFLAGS = "$(inherited)";
				OTHER_LDFLAGS = "$(inherited)";
				OTHER_SWIFT_FLAGS = "$(inherited)";
				PRODUCT_BUNDLE_IDENTIFIER = com.uploadcare.Uploadcare;
				PRODUCT_MODULE_NAME = "$(TARGET_NAME:c99extidentifier)";
				PRODUCT_NAME = "$(TARGET_NAME)";
				PROVISIONING_PROFILE_SPECIFIER = "";
				SDKROOT = iphoneos;
				SKIP_INSTALL = YES;
				SUPPORTED_PLATFORMS = "iphonesimulator iphoneos";
				SUPPORTS_MACCATALYST = NO;
				SWIFT_ACTIVE_COMPILATION_CONDITIONS = "$(inherited)";
				SWIFT_VERSION = 5.0;
				TARGETED_DEVICE_FAMILY = "1,2";
				TARGET_NAME = Uploadcare;
				TVOS_DEPLOYMENT_TARGET = 9.0;
				WATCHOS_DEPLOYMENT_TARGET = 2.0;
			};
			name = Debug;
		};
		2495945223B77F51006BB9BF /* Release */ = {
			isa = XCBuildConfiguration;
			buildSettings = {
				CODE_SIGN_STYLE = Manual;
				DEVELOPMENT_TEAM = "";
				ENABLE_TESTABILITY = YES;
				FRAMEWORK_SEARCH_PATHS = (
					"$(inherited)",
					"$(PLATFORM_DIR)/Developer/Library/Frameworks",
					"$(PROJECT_DIR)/Carthage/Build/iOS",
				);
				HEADER_SEARCH_PATHS = "$(inherited)";
				INFOPLIST_FILE = Uploadcare.xcodeproj/Uploadcare_Info.plist;
				IPHONEOS_DEPLOYMENT_TARGET = 11.0;
				LD_RUNPATH_SEARCH_PATHS = (
					"$(inherited)",
					"$(TOOLCHAIN_DIR)/usr/lib/swift/macosx",
				);
				MACOSX_DEPLOYMENT_TARGET = 10.10;
				OTHER_CFLAGS = "$(inherited)";
				OTHER_LDFLAGS = "$(inherited)";
				OTHER_SWIFT_FLAGS = "$(inherited)";
				PRODUCT_BUNDLE_IDENTIFIER = com.uploadcare.Uploadcare;
				PRODUCT_MODULE_NAME = "$(TARGET_NAME:c99extidentifier)";
				PRODUCT_NAME = "$(TARGET_NAME)";
				PROVISIONING_PROFILE_SPECIFIER = "";
				SDKROOT = iphoneos;
				SKIP_INSTALL = YES;
				SUPPORTED_PLATFORMS = "iphonesimulator iphoneos";
				SUPPORTS_MACCATALYST = NO;
				SWIFT_ACTIVE_COMPILATION_CONDITIONS = "$(inherited)";
				SWIFT_VERSION = 5.0;
				TARGETED_DEVICE_FAMILY = "1,2";
				TARGET_NAME = Uploadcare;
				TVOS_DEPLOYMENT_TARGET = 9.0;
				WATCHOS_DEPLOYMENT_TARGET = 2.0;
			};
			name = Release;
		};
		OBJ_3 /* Debug */ = {
			isa = XCBuildConfiguration;
			buildSettings = {
				CLANG_ENABLE_OBJC_ARC = YES;
				CLANG_WARN_BLOCK_CAPTURE_AUTORELEASING = YES;
				CLANG_WARN_BOOL_CONVERSION = YES;
				CLANG_WARN_COMMA = YES;
				CLANG_WARN_CONSTANT_CONVERSION = YES;
				CLANG_WARN_DEPRECATED_OBJC_IMPLEMENTATIONS = YES;
				CLANG_WARN_EMPTY_BODY = YES;
				CLANG_WARN_ENUM_CONVERSION = YES;
				CLANG_WARN_INFINITE_RECURSION = YES;
				CLANG_WARN_INT_CONVERSION = YES;
				CLANG_WARN_NON_LITERAL_NULL_CONVERSION = YES;
				CLANG_WARN_OBJC_IMPLICIT_RETAIN_SELF = YES;
				CLANG_WARN_OBJC_LITERAL_CONVERSION = YES;
				CLANG_WARN_RANGE_LOOP_ANALYSIS = YES;
				CLANG_WARN_STRICT_PROTOTYPES = YES;
				CLANG_WARN_SUSPICIOUS_MOVE = YES;
				CLANG_WARN_UNREACHABLE_CODE = YES;
				CLANG_WARN__DUPLICATE_METHOD_MATCH = YES;
				COMBINE_HIDPI_IMAGES = YES;
				COPY_PHASE_STRIP = NO;
				DEBUG_INFORMATION_FORMAT = dwarf;
				DYLIB_INSTALL_NAME_BASE = "@rpath";
				ENABLE_NS_ASSERTIONS = YES;
				ENABLE_STRICT_OBJC_MSGSEND = YES;
				ENABLE_TESTABILITY = YES;
				GCC_NO_COMMON_BLOCKS = YES;
				GCC_OPTIMIZATION_LEVEL = 0;
				GCC_PREPROCESSOR_DEFINITIONS = (
					"$(inherited)",
					"SWIFT_PACKAGE=1",
					"DEBUG=1",
				);
				GCC_WARN_64_TO_32_BIT_CONVERSION = YES;
				GCC_WARN_ABOUT_RETURN_TYPE = YES;
				GCC_WARN_UNDECLARED_SELECTOR = YES;
				GCC_WARN_UNINITIALIZED_AUTOS = YES;
				GCC_WARN_UNUSED_FUNCTION = YES;
				GCC_WARN_UNUSED_VARIABLE = YES;
				IPHONEOS_DEPLOYMENT_TARGET = 12.0;
				MACOSX_DEPLOYMENT_TARGET = 10.14;
				ONLY_ACTIVE_ARCH = YES;
				OTHER_SWIFT_FLAGS = "$(inherited) -DXcode";
				PRODUCT_NAME = "$(TARGET_NAME)";
				SDKROOT = iphoneos;
				SUPPORTED_PLATFORMS = "watchsimulator watchos iphonesimulator iphoneos macosx appletvsimulator appletvos";
				SWIFT_ACTIVE_COMPILATION_CONDITIONS = "$(inherited) SWIFT_PACKAGE DEBUG";
				SWIFT_OPTIMIZATION_LEVEL = "-Onone";
				USE_HEADERMAP = NO;
			};
			name = Debug;
		};
		OBJ_4 /* Release */ = {
			isa = XCBuildConfiguration;
			buildSettings = {
				CLANG_ENABLE_OBJC_ARC = YES;
				CLANG_WARN_BLOCK_CAPTURE_AUTORELEASING = YES;
				CLANG_WARN_BOOL_CONVERSION = YES;
				CLANG_WARN_COMMA = YES;
				CLANG_WARN_CONSTANT_CONVERSION = YES;
				CLANG_WARN_DEPRECATED_OBJC_IMPLEMENTATIONS = YES;
				CLANG_WARN_EMPTY_BODY = YES;
				CLANG_WARN_ENUM_CONVERSION = YES;
				CLANG_WARN_INFINITE_RECURSION = YES;
				CLANG_WARN_INT_CONVERSION = YES;
				CLANG_WARN_NON_LITERAL_NULL_CONVERSION = YES;
				CLANG_WARN_OBJC_IMPLICIT_RETAIN_SELF = YES;
				CLANG_WARN_OBJC_LITERAL_CONVERSION = YES;
				CLANG_WARN_RANGE_LOOP_ANALYSIS = YES;
				CLANG_WARN_STRICT_PROTOTYPES = YES;
				CLANG_WARN_SUSPICIOUS_MOVE = YES;
				CLANG_WARN_UNREACHABLE_CODE = YES;
				CLANG_WARN__DUPLICATE_METHOD_MATCH = YES;
				COMBINE_HIDPI_IMAGES = YES;
				COPY_PHASE_STRIP = YES;
				DEBUG_INFORMATION_FORMAT = "dwarf-with-dsym";
				DYLIB_INSTALL_NAME_BASE = "@rpath";
				ENABLE_STRICT_OBJC_MSGSEND = YES;
				GCC_NO_COMMON_BLOCKS = YES;
				GCC_OPTIMIZATION_LEVEL = s;
				GCC_PREPROCESSOR_DEFINITIONS = (
					"$(inherited)",
					"SWIFT_PACKAGE=1",
				);
				GCC_WARN_64_TO_32_BIT_CONVERSION = YES;
				GCC_WARN_ABOUT_RETURN_TYPE = YES;
				GCC_WARN_UNDECLARED_SELECTOR = YES;
				GCC_WARN_UNINITIALIZED_AUTOS = YES;
				GCC_WARN_UNUSED_FUNCTION = YES;
				GCC_WARN_UNUSED_VARIABLE = YES;
				IPHONEOS_DEPLOYMENT_TARGET = 12.0;
				MACOSX_DEPLOYMENT_TARGET = 10.14;
				OTHER_SWIFT_FLAGS = "$(inherited) -DXcode";
				PRODUCT_NAME = "$(TARGET_NAME)";
				SDKROOT = iphoneos;
				SUPPORTED_PLATFORMS = "watchsimulator watchos iphonesimulator iphoneos macosx appletvsimulator appletvos";
				SWIFT_ACTIVE_COMPILATION_CONDITIONS = "$(inherited) SWIFT_PACKAGE";
				SWIFT_COMPILATION_MODE = wholemodule;
				SWIFT_OPTIMIZATION_LEVEL = "-O";
				USE_HEADERMAP = NO;
			};
			name = Release;
		};
/* End XCBuildConfiguration section */

/* Begin XCConfigurationList section */
		245DBB4E24901B9B002FB70B /* Build configuration list for PBXNativeTarget "Uploadcare-watchOS" */ = {
			isa = XCConfigurationList;
			buildConfigurations = (
				245DBB4F24901B9B002FB70B /* Debug */,
				245DBB5024901B9B002FB70B /* Release */,
			);
			defaultConfigurationIsVisible = 0;
			defaultConfigurationName = Release;
		};
		24875B1E243B33EC003F3E06 /* Build configuration list for PBXNativeTarget "Uploadcare-tvOS" */ = {
			isa = XCConfigurationList;
			buildConfigurations = (
				24875B1F243B33EC003F3E06 /* Debug */,
				24875B20243B33EC003F3E06 /* Release */,
			);
			defaultConfigurationIsVisible = 0;
			defaultConfigurationName = Release;
		};
		24875B38243B3518003F3E06 /* Build configuration list for PBXNativeTarget "Uploadcare-macOS" */ = {
			isa = XCConfigurationList;
			buildConfigurations = (
				24875B39243B3518003F3E06 /* Debug */,
				24875B3A243B3518003F3E06 /* Release */,
			);
			defaultConfigurationIsVisible = 0;
			defaultConfigurationName = Release;
		};
		2495945023B77F51006BB9BF /* Build configuration list for PBXNativeTarget "Uploadcare" */ = {
			isa = XCConfigurationList;
			buildConfigurations = (
				2495945123B77F51006BB9BF /* Debug */,
				2495945223B77F51006BB9BF /* Release */,
			);
			defaultConfigurationIsVisible = 0;
			defaultConfigurationName = Release;
		};
		OBJ_2 /* Build configuration list for PBXProject "Uploadcare" */ = {
			isa = XCConfigurationList;
			buildConfigurations = (
				OBJ_3 /* Debug */,
				OBJ_4 /* Release */,
			);
			defaultConfigurationIsVisible = 0;
			defaultConfigurationName = Release;
		};
/* End XCConfigurationList section */

/* Begin XCRemoteSwiftPackageReference section */
		24B985ED27A093320095D204 /* XCRemoteSwiftPackageReference "Alamofire" */ = {
			isa = XCRemoteSwiftPackageReference;
			repositoryURL = "https://github.com/Alamofire/Alamofire";
			requirement = {
				kind = upToNextMajorVersion;
				minimumVersion = 5.0.0;
			};
		};
/* End XCRemoteSwiftPackageReference section */

/* Begin XCSwiftPackageProductDependency section */
		24B985EE27A093320095D204 /* Alamofire */ = {
			isa = XCSwiftPackageProductDependency;
			package = 24B985ED27A093320095D204 /* XCRemoteSwiftPackageReference "Alamofire" */;
			productName = Alamofire;
		};
		24B985F027A093390095D204 /* Alamofire */ = {
			isa = XCSwiftPackageProductDependency;
			package = 24B985ED27A093320095D204 /* XCRemoteSwiftPackageReference "Alamofire" */;
			productName = Alamofire;
		};
		24B985F227A0933D0095D204 /* Alamofire */ = {
			isa = XCSwiftPackageProductDependency;
			package = 24B985ED27A093320095D204 /* XCRemoteSwiftPackageReference "Alamofire" */;
			productName = Alamofire;
		};
		24B985F427A093410095D204 /* Alamofire */ = {
			isa = XCSwiftPackageProductDependency;
			package = 24B985ED27A093320095D204 /* XCRemoteSwiftPackageReference "Alamofire" */;
			productName = Alamofire;
		};
/* End XCSwiftPackageProductDependency section */
	};
	rootObject = OBJ_1 /* Project object */;
}
